// !$*UTF8*$!
{
	archiveVersion = 1;
	classes = {
	};
	objectVersion = 56;
	objects = {

/* Begin PBXBuildFile section */
		A0C3F68C82C50F41FF61EA2E /* Pods_DogRun.framework in Frameworks */ = {isa = PBXBuildFile; fileRef = A7F90DD715B23013C8331FD5 /* Pods_DogRun.framework */; };
		EC0DC8E42B854E4800C0C731 /* HTTPMethod.swift in Sources */ = {isa = PBXBuildFile; fileRef = EC0DC8E32B854E4800C0C731 /* HTTPMethod.swift */; };
		EC0DC8E82B854E7400C0C731 /* MainViewController.swift in Sources */ = {isa = PBXBuildFile; fileRef = EC0DC8E72B854E7400C0C731 /* MainViewController.swift */; };
		EC0DC8EB2B854EB100C0C731 /* ResponseData.swift in Sources */ = {isa = PBXBuildFile; fileRef = EC0DC8E92B854EB100C0C731 /* ResponseData.swift */; };
		EC0DC8EC2B854EB100C0C731 /* ResponseMainData.swift in Sources */ = {isa = PBXBuildFile; fileRef = EC0DC8EA2B854EB100C0C731 /* ResponseMainData.swift */; };
		EC0DC8EE2B854F3E00C0C731 /* MainViewModel.swift in Sources */ = {isa = PBXBuildFile; fileRef = EC0DC8ED2B854F3E00C0C731 /* MainViewModel.swift */; };
		EC0DC8F92B8563F400C0C731 /* .swiftlint.yml in Resources */ = {isa = PBXBuildFile; fileRef = EC0DC8F82B8563F400C0C731 /* .swiftlint.yml */; };
		EC0DC8FB2B85643100C0C731 /* MainInfo.swift in Sources */ = {isa = PBXBuildFile; fileRef = EC0DC8FA2B85643100C0C731 /* MainInfo.swift */; };
		EC12E4342B617EAD00EC5DF9 /* DogInfoViewController.swift in Sources */ = {isa = PBXBuildFile; fileRef = EC12E4332B617EAD00EC5DF9 /* DogInfoViewController.swift */; };
		EC14F7EC2B87C5C80041E1AF /* userinfo_mock.json in Resources */ = {isa = PBXBuildFile; fileRef = EC14F7EB2B87C5C80041E1AF /* userinfo_mock.json */; };
		EC14F7EE2B87C87B0041E1AF /* NetworkManagerProtocol.swift in Sources */ = {isa = PBXBuildFile; fileRef = EC14F7ED2B87C87B0041E1AF /* NetworkManagerProtocol.swift */; };
		EC14F7F02B87C8AA0041E1AF /* NetworkManagerStub.swift in Sources */ = {isa = PBXBuildFile; fileRef = EC14F7EF2B87C8AA0041E1AF /* NetworkManagerStub.swift */; };
		EC14F7F22B87C8D40041E1AF /* APIServiceStub.swift in Sources */ = {isa = PBXBuildFile; fileRef = EC14F7F12B87C8D30041E1AF /* APIServiceStub.swift */; };
		EC14F7F62B87CABE0041E1AF /* error_mock.json in Resources */ = {isa = PBXBuildFile; fileRef = EC14F7F52B87CABE0041E1AF /* error_mock.json */; };
		EC14F7F82B87CAFC0041E1AF /* maininfo_mock.json in Resources */ = {isa = PBXBuildFile; fileRef = EC14F7F72B87CAFC0041E1AF /* maininfo_mock.json */; };
		EC14F7FA2B87CB260041E1AF /* doginfo_mock.json in Resources */ = {isa = PBXBuildFile; fileRef = EC14F7F92B87CB260041E1AF /* doginfo_mock.json */; };
		EC181E802B7BB7B700E5607B /* APIService.swift in Sources */ = {isa = PBXBuildFile; fileRef = EC181E7C2B7BB7B700E5607B /* APIService.swift */; };
		EC181E872B7BF0CF00E5607B /* UserRepository.swift in Sources */ = {isa = PBXBuildFile; fileRef = EC181E862B7BF0CF00E5607B /* UserRepository.swift */; };
		EC1DEE1B2B4772B000E8F4E2 /* GoogleService-Info.plist in Resources */ = {isa = PBXBuildFile; fileRef = EC1DEE1A2B4772AF00E8F4E2 /* GoogleService-Info.plist */; };
		EC4188702B6C111700A9E649 /* LoginViewModel.swift in Sources */ = {isa = PBXBuildFile; fileRef = EC41886F2B6C111700A9E649 /* LoginViewModel.swift */; };
		EC4188722B6C118D00A9E649 /* LoginInfo.swift in Sources */ = {isa = PBXBuildFile; fileRef = EC4188712B6C118D00A9E649 /* LoginInfo.swift */; };
		EC4BDCD52B6BE6AB00F14872 /* UI+Extension.swift in Sources */ = {isa = PBXBuildFile; fileRef = EC4BDCD42B6BE6AB00F14872 /* UI+Extension.swift */; };
		EC4BDCD72B6BE6C900F14872 /* OSLog+Extension.swift in Sources */ = {isa = PBXBuildFile; fileRef = EC4BDCD62B6BE6C900F14872 /* OSLog+Extension.swift */; };
		EC4BDCDB2B6BE86000F14872 /* Gender.swift in Sources */ = {isa = PBXBuildFile; fileRef = EC4BDCDA2B6BE86000F14872 /* Gender.swift */; };
		EC4BDCDD2B6BEAE600F14872 /* AppConstants.swift in Sources */ = {isa = PBXBuildFile; fileRef = EC4BDCDC2B6BEAE600F14872 /* AppConstants.swift */; };
		EC4BDCE22B6BF6E500F14872 /* DogInfoViewModel.swift in Sources */ = {isa = PBXBuildFile; fileRef = EC4BDCE12B6BF6E500F14872 /* DogInfoViewModel.swift */; };
		EC4BDCE42B6BF7B900F14872 /* ResponseDogInfoData.swift in Sources */ = {isa = PBXBuildFile; fileRef = EC4BDCE32B6BF7B900F14872 /* ResponseDogInfoData.swift */; };
		EC4BDCE72B6C008800F14872 /* Utils.swift in Sources */ = {isa = PBXBuildFile; fileRef = EC4BDCE62B6C008800F14872 /* Utils.swift */; };
		EC5E01502B62CDB40046CE7B /* DogInfo.swift in Sources */ = {isa = PBXBuildFile; fileRef = EC5E014F2B62CDB40046CE7B /* DogInfo.swift */; };
		EC5E6C932B91ED29002DEEC1 /* UserDefaultsRepositoryTests.swift in Sources */ = {isa = PBXBuildFile; fileRef = EC5E6C922B91ED29002DEEC1 /* UserDefaultsRepositoryTests.swift */; };
		EC5E6C952B91EDC3002DEEC1 /* APIEndpointType.swift in Sources */ = {isa = PBXBuildFile; fileRef = EC5E6C942B91EDC3002DEEC1 /* APIEndpointType.swift */; };
		EC5E6C972B92B7B7002DEEC1 /* UserDefaultsRepository.swift in Sources */ = {isa = PBXBuildFile; fileRef = EC5E6C962B92B7B6002DEEC1 /* UserDefaultsRepository.swift */; };
		EC5E6C992B941E9A002DEEC1 /* MainViewModelTests.swift in Sources */ = {isa = PBXBuildFile; fileRef = EC5E6C982B941E9A002DEEC1 /* MainViewModelTests.swift */; };
		EC5E6C9B2B95AC3B002DEEC1 /* OSLogMethodTest.swift in Sources */ = {isa = PBXBuildFile; fileRef = EC5E6C9A2B95AC3B002DEEC1 /* OSLogMethodTest.swift */; };
		EC5E6C9D2B95AE0C002DEEC1 /* APIEdnpointTypeTests.swift in Sources */ = {isa = PBXBuildFile; fileRef = EC5E6C9C2B95AE0C002DEEC1 /* APIEdnpointTypeTests.swift */; };
		EC5E6C9F2B95B114002DEEC1 /* UIExtensionTest.swift in Sources */ = {isa = PBXBuildFile; fileRef = EC5E6C9E2B95B114002DEEC1 /* UIExtensionTest.swift */; };
		EC5E6CA12B95C09B002DEEC1 /* UtilsTests.swift in Sources */ = {isa = PBXBuildFile; fileRef = EC5E6CA02B95C09B002DEEC1 /* UtilsTests.swift */; };
		EC5E6CA32B95C3F9002DEEC1 /* LoginViewControllerTests.swift in Sources */ = {isa = PBXBuildFile; fileRef = EC5E6CA22B95C3F9002DEEC1 /* LoginViewControllerTests.swift */; };
		EC73D36F2B85E1D8009852A7 /* UIVewController+Extension.swift in Sources */ = {isa = PBXBuildFile; fileRef = EC73D36E2B85E1D8009852A7 /* UIVewController+Extension.swift */; };
		EC8106EC2B5A4B25006A2952 /* String+Extension.swift in Sources */ = {isa = PBXBuildFile; fileRef = EC8106DD2B5A4B25006A2952 /* String+Extension.swift */; };
		EC8106EF2B5A4B25006A2952 /* UserInfo.swift in Sources */ = {isa = PBXBuildFile; fileRef = EC8106E12B5A4B25006A2952 /* UserInfo.swift */; };
		EC8106F02B5A4B25006A2952 /* UserDefaultsKeys.swift in Sources */ = {isa = PBXBuildFile; fileRef = EC8106E32B5A4B25006A2952 /* UserDefaultsKeys.swift */; };
		EC8106F22B5A4B25006A2952 /* DateFormat.swift in Sources */ = {isa = PBXBuildFile; fileRef = EC8106E52B5A4B25006A2952 /* DateFormat.swift */; };
		EC8106F32B5A4B25006A2952 /* LayoutConstants.swift in Sources */ = {isa = PBXBuildFile; fileRef = EC8106E62B5A4B25006A2952 /* LayoutConstants.swift */; };
		EC8106F42B5A4B25006A2952 /* ResponseStatus.swift in Sources */ = {isa = PBXBuildFile; fileRef = EC8106E72B5A4B25006A2952 /* ResponseStatus.swift */; };
		EC8106F62B5A4B25006A2952 /* UserInfoViewModel.swift in Sources */ = {isa = PBXBuildFile; fileRef = EC8106EB2B5A4B25006A2952 /* UserInfoViewModel.swift */; };
		EC8106F82B5A4B8E006A2952 /* UserInfoViewController.swift in Sources */ = {isa = PBXBuildFile; fileRef = EC8106F72B5A4B8E006A2952 /* UserInfoViewController.swift */; };
		EC8106FF2B5A4D94006A2952 /* ResponseLoginData.swift in Sources */ = {isa = PBXBuildFile; fileRef = EC8106FE2B5A4D94006A2952 /* ResponseLoginData.swift */; };
		EC978AED2B9F1D3B003B090E /* WalkViewController.swift in Sources */ = {isa = PBXBuildFile; fileRef = EC978AEC2B9F1D3B003B090E /* WalkViewController.swift */; };
		EC978AEF2B9F1DBB003B090E /* CoreMotionService.swift in Sources */ = {isa = PBXBuildFile; fileRef = EC978AEE2B9F1DBB003B090E /* CoreMotionService.swift */; };
		ECAA8FE32B96F6FC007C6890 /* LoginViewModelTests.swift in Sources */ = {isa = PBXBuildFile; fileRef = ECAA8FE22B96F6FC007C6890 /* LoginViewModelTests.swift */; };
		ECAA8FE52B96FC1C007C6890 /* UserInfoViewControllerTests.swift in Sources */ = {isa = PBXBuildFile; fileRef = ECAA8FE42B96FC1B007C6890 /* UserInfoViewControllerTests.swift */; };
		ECAA8FE72B96FF3E007C6890 /* UserViewModelTests.swift in Sources */ = {isa = PBXBuildFile; fileRef = ECAA8FE62B96FF3E007C6890 /* UserViewModelTests.swift */; };
		ECAA8FE92B970D82007C6890 /* DogInfoViewControllerTests.swift in Sources */ = {isa = PBXBuildFile; fileRef = ECAA8FE82B970D82007C6890 /* DogInfoViewControllerTests.swift */; };
		ECAA8FEB2B970DF4007C6890 /* DogInfoViewModelTests.swift in Sources */ = {isa = PBXBuildFile; fileRef = ECAA8FEA2B970DF4007C6890 /* DogInfoViewModelTests.swift */; };
		ECC50A522B44CF7400028428 /* AppDelegate.swift in Sources */ = {isa = PBXBuildFile; fileRef = ECC50A512B44CF7400028428 /* AppDelegate.swift */; };
		ECC50A542B44CF7400028428 /* SceneDelegate.swift in Sources */ = {isa = PBXBuildFile; fileRef = ECC50A532B44CF7400028428 /* SceneDelegate.swift */; };
		ECC50A562B44CF7400028428 /* LoginViewController.swift in Sources */ = {isa = PBXBuildFile; fileRef = ECC50A552B44CF7400028428 /* LoginViewController.swift */; };
		ECC50A592B44CF7400028428 /* Main.storyboard in Resources */ = {isa = PBXBuildFile; fileRef = ECC50A572B44CF7400028428 /* Main.storyboard */; };
		ECC50A5B2B44CF7800028428 /* Assets.xcassets in Resources */ = {isa = PBXBuildFile; fileRef = ECC50A5A2B44CF7800028428 /* Assets.xcassets */; };
		ECC50A5E2B44CF7800028428 /* LaunchScreen.storyboard in Resources */ = {isa = PBXBuildFile; fileRef = ECC50A5C2B44CF7800028428 /* LaunchScreen.storyboard */; };
		ECD3BB002B885A50002DA286 /* LabelKeys.swift in Sources */ = {isa = PBXBuildFile; fileRef = ECD3BAFF2B885A50002DA286 /* LabelKeys.swift */; };
		ECD3BB022B885A61002DA286 /* TextFieldKeys.swift in Sources */ = {isa = PBXBuildFile; fileRef = ECD3BB012B885A61002DA286 /* TextFieldKeys.swift */; };
		ECD3BB042B885A6B002DA286 /* ButtonKeys.swift in Sources */ = {isa = PBXBuildFile; fileRef = ECD3BB032B885A6B002DA286 /* ButtonKeys.swift */; };
		ECD3BB062B885A75002DA286 /* AlertKeys.swift in Sources */ = {isa = PBXBuildFile; fileRef = ECD3BB052B885A75002DA286 /* AlertKeys.swift */; };
		ECD3BB082B885ACF002DA286 /* EtcKeys.swift in Sources */ = {isa = PBXBuildFile; fileRef = ECD3BB072B885ACF002DA286 /* EtcKeys.swift */; };
		ECD8D9132B567FBA00CCBE8D /* OSLog.framework in Frameworks */ = {isa = PBXBuildFile; fileRef = ECD8D9122B567FBA00CCBE8D /* OSLog.framework */; };
		ECD8D9192B56829B00CCBE8D /* Localizable.strings in Resources */ = {isa = PBXBuildFile; fileRef = ECD8D91B2B56829B00CCBE8D /* Localizable.strings */; };
/* End PBXBuildFile section */

/* Begin PBXContainerItemProxy section */
		EC5E01482B623F7D0046CE7B /* PBXContainerItemProxy */ = {
			isa = PBXContainerItemProxy;
			containerPortal = ECC50A462B44CF7400028428 /* Project object */;
			proxyType = 1;
			remoteGlobalIDString = ECC50A4D2B44CF7400028428;
			remoteInfo = DogRun;
		};
/* End PBXContainerItemProxy section */

/* Begin PBXFileReference section */
		3DBB6D9B1FB7E0704E56EF57 /* Pods-DogRun.debug.xcconfig */ = {isa = PBXFileReference; includeInIndex = 1; lastKnownFileType = text.xcconfig; name = "Pods-DogRun.debug.xcconfig"; path = "Target Support Files/Pods-DogRun/Pods-DogRun.debug.xcconfig"; sourceTree = "<group>"; };
		4812423D31EF09C7A0B03200 /* Pods-DogRun.release.xcconfig */ = {isa = PBXFileReference; includeInIndex = 1; lastKnownFileType = text.xcconfig; name = "Pods-DogRun.release.xcconfig"; path = "Target Support Files/Pods-DogRun/Pods-DogRun.release.xcconfig"; sourceTree = "<group>"; };
		A7F90DD715B23013C8331FD5 /* Pods_DogRun.framework */ = {isa = PBXFileReference; explicitFileType = wrapper.framework; includeInIndex = 0; path = Pods_DogRun.framework; sourceTree = BUILT_PRODUCTS_DIR; };
		EC0DC8E32B854E4800C0C731 /* HTTPMethod.swift */ = {isa = PBXFileReference; fileEncoding = 4; lastKnownFileType = sourcecode.swift; path = HTTPMethod.swift; sourceTree = "<group>"; };
		EC0DC8E72B854E7400C0C731 /* MainViewController.swift */ = {isa = PBXFileReference; fileEncoding = 4; lastKnownFileType = sourcecode.swift; path = MainViewController.swift; sourceTree = "<group>"; };
		EC0DC8E92B854EB100C0C731 /* ResponseData.swift */ = {isa = PBXFileReference; fileEncoding = 4; lastKnownFileType = sourcecode.swift; path = ResponseData.swift; sourceTree = "<group>"; };
		EC0DC8EA2B854EB100C0C731 /* ResponseMainData.swift */ = {isa = PBXFileReference; fileEncoding = 4; lastKnownFileType = sourcecode.swift; path = ResponseMainData.swift; sourceTree = "<group>"; };
		EC0DC8ED2B854F3E00C0C731 /* MainViewModel.swift */ = {isa = PBXFileReference; fileEncoding = 4; lastKnownFileType = sourcecode.swift; path = MainViewModel.swift; sourceTree = "<group>"; };
		EC0DC8F82B8563F400C0C731 /* .swiftlint.yml */ = {isa = PBXFileReference; lastKnownFileType = text.yaml; path = .swiftlint.yml; sourceTree = "<group>"; };
		EC0DC8FA2B85643100C0C731 /* MainInfo.swift */ = {isa = PBXFileReference; fileEncoding = 4; lastKnownFileType = sourcecode.swift; path = MainInfo.swift; sourceTree = "<group>"; };
		EC12E4332B617EAD00EC5DF9 /* DogInfoViewController.swift */ = {isa = PBXFileReference; fileEncoding = 4; lastKnownFileType = sourcecode.swift; path = DogInfoViewController.swift; sourceTree = "<group>"; };
		EC14F7EB2B87C5C80041E1AF /* userinfo_mock.json */ = {isa = PBXFileReference; lastKnownFileType = text.json; path = userinfo_mock.json; sourceTree = "<group>"; };
		EC14F7ED2B87C87B0041E1AF /* NetworkManagerProtocol.swift */ = {isa = PBXFileReference; lastKnownFileType = sourcecode.swift; path = NetworkManagerProtocol.swift; sourceTree = "<group>"; };
		EC14F7EF2B87C8AA0041E1AF /* NetworkManagerStub.swift */ = {isa = PBXFileReference; lastKnownFileType = sourcecode.swift; path = NetworkManagerStub.swift; sourceTree = "<group>"; };
		EC14F7F12B87C8D30041E1AF /* APIServiceStub.swift */ = {isa = PBXFileReference; lastKnownFileType = sourcecode.swift; path = APIServiceStub.swift; sourceTree = "<group>"; };
		EC14F7F52B87CABE0041E1AF /* error_mock.json */ = {isa = PBXFileReference; lastKnownFileType = text.json; path = error_mock.json; sourceTree = "<group>"; };
		EC14F7F72B87CAFC0041E1AF /* maininfo_mock.json */ = {isa = PBXFileReference; lastKnownFileType = text.json; path = maininfo_mock.json; sourceTree = "<group>"; };
		EC14F7F92B87CB260041E1AF /* doginfo_mock.json */ = {isa = PBXFileReference; lastKnownFileType = text.json; path = doginfo_mock.json; sourceTree = "<group>"; };
		EC181E7C2B7BB7B700E5607B /* APIService.swift */ = {isa = PBXFileReference; fileEncoding = 4; lastKnownFileType = sourcecode.swift; path = APIService.swift; sourceTree = "<group>"; };
		EC181E862B7BF0CF00E5607B /* UserRepository.swift */ = {isa = PBXFileReference; lastKnownFileType = sourcecode.swift; path = UserRepository.swift; sourceTree = "<group>"; };
		EC1DEE1A2B4772AF00E8F4E2 /* GoogleService-Info.plist */ = {isa = PBXFileReference; fileEncoding = 4; lastKnownFileType = text.plist.xml; path = "GoogleService-Info.plist"; sourceTree = "<group>"; };
		EC3CFAE42B45E23A00D0F1A2 /* DogRun.entitlements */ = {isa = PBXFileReference; lastKnownFileType = text.plist.entitlements; path = DogRun.entitlements; sourceTree = "<group>"; };
		EC41886F2B6C111700A9E649 /* LoginViewModel.swift */ = {isa = PBXFileReference; lastKnownFileType = sourcecode.swift; path = LoginViewModel.swift; sourceTree = "<group>"; };
		EC4188712B6C118D00A9E649 /* LoginInfo.swift */ = {isa = PBXFileReference; lastKnownFileType = sourcecode.swift; path = LoginInfo.swift; sourceTree = "<group>"; };
		EC4BDCD42B6BE6AB00F14872 /* UI+Extension.swift */ = {isa = PBXFileReference; lastKnownFileType = sourcecode.swift; path = "UI+Extension.swift"; sourceTree = "<group>"; };
		EC4BDCD62B6BE6C900F14872 /* OSLog+Extension.swift */ = {isa = PBXFileReference; lastKnownFileType = sourcecode.swift; path = "OSLog+Extension.swift"; sourceTree = "<group>"; };
		EC4BDCDA2B6BE86000F14872 /* Gender.swift */ = {isa = PBXFileReference; lastKnownFileType = sourcecode.swift; path = Gender.swift; sourceTree = "<group>"; };
		EC4BDCDC2B6BEAE600F14872 /* AppConstants.swift */ = {isa = PBXFileReference; lastKnownFileType = sourcecode.swift; path = AppConstants.swift; sourceTree = "<group>"; };
		EC4BDCE12B6BF6E500F14872 /* DogInfoViewModel.swift */ = {isa = PBXFileReference; fileEncoding = 4; lastKnownFileType = sourcecode.swift; path = DogInfoViewModel.swift; sourceTree = "<group>"; };
		EC4BDCE32B6BF7B900F14872 /* ResponseDogInfoData.swift */ = {isa = PBXFileReference; lastKnownFileType = sourcecode.swift; path = ResponseDogInfoData.swift; sourceTree = "<group>"; };
		EC4BDCE62B6C008800F14872 /* Utils.swift */ = {isa = PBXFileReference; lastKnownFileType = sourcecode.swift; path = Utils.swift; sourceTree = "<group>"; };
		EC5E01442B623F7D0046CE7B /* DogRunTests.xctest */ = {isa = PBXFileReference; explicitFileType = wrapper.cfbundle; includeInIndex = 0; path = DogRunTests.xctest; sourceTree = BUILT_PRODUCTS_DIR; };
		EC5E014F2B62CDB40046CE7B /* DogInfo.swift */ = {isa = PBXFileReference; lastKnownFileType = sourcecode.swift; path = DogInfo.swift; sourceTree = "<group>"; };
		EC5E6C912B91ED29002DEEC1 /* DogRunTests-Bridging-Header.h */ = {isa = PBXFileReference; lastKnownFileType = sourcecode.c.h; path = "DogRunTests-Bridging-Header.h"; sourceTree = "<group>"; };
		EC5E6C922B91ED29002DEEC1 /* UserDefaultsRepositoryTests.swift */ = {isa = PBXFileReference; lastKnownFileType = sourcecode.swift; path = UserDefaultsRepositoryTests.swift; sourceTree = "<group>"; };
		EC5E6C942B91EDC3002DEEC1 /* APIEndpointType.swift */ = {isa = PBXFileReference; fileEncoding = 4; lastKnownFileType = sourcecode.swift; path = APIEndpointType.swift; sourceTree = "<group>"; };
		EC5E6C962B92B7B6002DEEC1 /* UserDefaultsRepository.swift */ = {isa = PBXFileReference; fileEncoding = 4; lastKnownFileType = sourcecode.swift; path = UserDefaultsRepository.swift; sourceTree = "<group>"; };
		EC5E6C982B941E9A002DEEC1 /* MainViewModelTests.swift */ = {isa = PBXFileReference; lastKnownFileType = sourcecode.swift; path = MainViewModelTests.swift; sourceTree = "<group>"; };
		EC5E6C9A2B95AC3B002DEEC1 /* OSLogMethodTest.swift */ = {isa = PBXFileReference; lastKnownFileType = sourcecode.swift; path = OSLogMethodTest.swift; sourceTree = "<group>"; };
		EC5E6C9C2B95AE0C002DEEC1 /* APIEdnpointTypeTests.swift */ = {isa = PBXFileReference; lastKnownFileType = sourcecode.swift; path = APIEdnpointTypeTests.swift; sourceTree = "<group>"; };
		EC5E6C9E2B95B114002DEEC1 /* UIExtensionTest.swift */ = {isa = PBXFileReference; lastKnownFileType = sourcecode.swift; path = UIExtensionTest.swift; sourceTree = "<group>"; };
		EC5E6CA02B95C09B002DEEC1 /* UtilsTests.swift */ = {isa = PBXFileReference; lastKnownFileType = sourcecode.swift; path = UtilsTests.swift; sourceTree = "<group>"; };
		EC5E6CA22B95C3F9002DEEC1 /* LoginViewControllerTests.swift */ = {isa = PBXFileReference; lastKnownFileType = sourcecode.swift; path = LoginViewControllerTests.swift; sourceTree = "<group>"; };
		EC73D36E2B85E1D8009852A7 /* UIVewController+Extension.swift */ = {isa = PBXFileReference; lastKnownFileType = sourcecode.swift; path = "UIVewController+Extension.swift"; sourceTree = "<group>"; };
		EC8106DD2B5A4B25006A2952 /* String+Extension.swift */ = {isa = PBXFileReference; fileEncoding = 4; lastKnownFileType = sourcecode.swift; path = "String+Extension.swift"; sourceTree = "<group>"; };
		EC8106E12B5A4B25006A2952 /* UserInfo.swift */ = {isa = PBXFileReference; fileEncoding = 4; lastKnownFileType = sourcecode.swift; path = UserInfo.swift; sourceTree = "<group>"; };
		EC8106E32B5A4B25006A2952 /* UserDefaultsKeys.swift */ = {isa = PBXFileReference; fileEncoding = 4; lastKnownFileType = sourcecode.swift; path = UserDefaultsKeys.swift; sourceTree = "<group>"; };
		EC8106E52B5A4B25006A2952 /* DateFormat.swift */ = {isa = PBXFileReference; fileEncoding = 4; lastKnownFileType = sourcecode.swift; path = DateFormat.swift; sourceTree = "<group>"; };
		EC8106E62B5A4B25006A2952 /* LayoutConstants.swift */ = {isa = PBXFileReference; fileEncoding = 4; lastKnownFileType = sourcecode.swift; path = LayoutConstants.swift; sourceTree = "<group>"; };
		EC8106E72B5A4B25006A2952 /* ResponseStatus.swift */ = {isa = PBXFileReference; fileEncoding = 4; lastKnownFileType = sourcecode.swift; path = ResponseStatus.swift; sourceTree = "<group>"; };
		EC8106EB2B5A4B25006A2952 /* UserInfoViewModel.swift */ = {isa = PBXFileReference; fileEncoding = 4; lastKnownFileType = sourcecode.swift; path = UserInfoViewModel.swift; sourceTree = "<group>"; };
		EC8106F72B5A4B8E006A2952 /* UserInfoViewController.swift */ = {isa = PBXFileReference; fileEncoding = 4; lastKnownFileType = sourcecode.swift; path = UserInfoViewController.swift; sourceTree = "<group>"; };
		EC8106FE2B5A4D94006A2952 /* ResponseLoginData.swift */ = {isa = PBXFileReference; fileEncoding = 4; lastKnownFileType = sourcecode.swift; path = ResponseLoginData.swift; sourceTree = "<group>"; };
		EC978AEC2B9F1D3B003B090E /* WalkViewController.swift */ = {isa = PBXFileReference; lastKnownFileType = sourcecode.swift; path = WalkViewController.swift; sourceTree = "<group>"; };
		EC978AEE2B9F1DBB003B090E /* CoreMotionService.swift */ = {isa = PBXFileReference; lastKnownFileType = sourcecode.swift; path = CoreMotionService.swift; sourceTree = "<group>"; };
		ECAA8FE22B96F6FC007C6890 /* LoginViewModelTests.swift */ = {isa = PBXFileReference; lastKnownFileType = sourcecode.swift; path = LoginViewModelTests.swift; sourceTree = "<group>"; };
		ECAA8FE42B96FC1B007C6890 /* UserInfoViewControllerTests.swift */ = {isa = PBXFileReference; lastKnownFileType = sourcecode.swift; path = UserInfoViewControllerTests.swift; sourceTree = "<group>"; };
		ECAA8FE62B96FF3E007C6890 /* UserViewModelTests.swift */ = {isa = PBXFileReference; lastKnownFileType = sourcecode.swift; path = UserViewModelTests.swift; sourceTree = "<group>"; };
		ECAA8FE82B970D82007C6890 /* DogInfoViewControllerTests.swift */ = {isa = PBXFileReference; lastKnownFileType = sourcecode.swift; path = DogInfoViewControllerTests.swift; sourceTree = "<group>"; };
		ECAA8FEA2B970DF4007C6890 /* DogInfoViewModelTests.swift */ = {isa = PBXFileReference; lastKnownFileType = sourcecode.swift; path = DogInfoViewModelTests.swift; sourceTree = "<group>"; };
		ECC50A4E2B44CF7400028428 /* DogRun.app */ = {isa = PBXFileReference; explicitFileType = wrapper.application; includeInIndex = 0; path = DogRun.app; sourceTree = BUILT_PRODUCTS_DIR; };
		ECC50A512B44CF7400028428 /* AppDelegate.swift */ = {isa = PBXFileReference; lastKnownFileType = sourcecode.swift; path = AppDelegate.swift; sourceTree = "<group>"; };
		ECC50A532B44CF7400028428 /* SceneDelegate.swift */ = {isa = PBXFileReference; lastKnownFileType = sourcecode.swift; path = SceneDelegate.swift; sourceTree = "<group>"; };
		ECC50A552B44CF7400028428 /* LoginViewController.swift */ = {isa = PBXFileReference; lastKnownFileType = sourcecode.swift; path = LoginViewController.swift; sourceTree = "<group>"; };
		ECC50A582B44CF7400028428 /* Base */ = {isa = PBXFileReference; lastKnownFileType = file.storyboard; name = Base; path = Base.lproj/Main.storyboard; sourceTree = "<group>"; };
		ECC50A5A2B44CF7800028428 /* Assets.xcassets */ = {isa = PBXFileReference; lastKnownFileType = folder.assetcatalog; path = Assets.xcassets; sourceTree = "<group>"; };
		ECC50A5D2B44CF7800028428 /* Base */ = {isa = PBXFileReference; lastKnownFileType = file.storyboard; name = Base; path = Base.lproj/LaunchScreen.storyboard; sourceTree = "<group>"; };
		ECC50A5F2B44CF7800028428 /* Info.plist */ = {isa = PBXFileReference; lastKnownFileType = text.plist.xml; path = Info.plist; sourceTree = "<group>"; };
		ECD3BAFF2B885A50002DA286 /* LabelKeys.swift */ = {isa = PBXFileReference; lastKnownFileType = sourcecode.swift; path = LabelKeys.swift; sourceTree = "<group>"; };
		ECD3BB012B885A61002DA286 /* TextFieldKeys.swift */ = {isa = PBXFileReference; lastKnownFileType = sourcecode.swift; path = TextFieldKeys.swift; sourceTree = "<group>"; };
		ECD3BB032B885A6B002DA286 /* ButtonKeys.swift */ = {isa = PBXFileReference; lastKnownFileType = sourcecode.swift; path = ButtonKeys.swift; sourceTree = "<group>"; };
		ECD3BB052B885A75002DA286 /* AlertKeys.swift */ = {isa = PBXFileReference; lastKnownFileType = sourcecode.swift; path = AlertKeys.swift; sourceTree = "<group>"; };
		ECD3BB072B885ACF002DA286 /* EtcKeys.swift */ = {isa = PBXFileReference; lastKnownFileType = sourcecode.swift; path = EtcKeys.swift; sourceTree = "<group>"; };
		ECD8D9122B567FBA00CCBE8D /* OSLog.framework */ = {isa = PBXFileReference; lastKnownFileType = wrapper.framework; name = OSLog.framework; path = System/Library/Frameworks/OSLog.framework; sourceTree = SDKROOT; };
		ECD8D91A2B56829B00CCBE8D /* en */ = {isa = PBXFileReference; lastKnownFileType = text.plist.strings; name = en; path = en.lproj/Localizable.strings; sourceTree = "<group>"; };
		ECD8D91C2B5682BA00CCBE8D /* ko */ = {isa = PBXFileReference; lastKnownFileType = text.plist.strings; name = ko; path = ko.lproj/Localizable.strings; sourceTree = "<group>"; };
/* End PBXFileReference section */

/* Begin PBXFrameworksBuildPhase section */
		EC5E01412B623F7D0046CE7B /* Frameworks */ = {
			isa = PBXFrameworksBuildPhase;
			buildActionMask = 2147483647;
			files = (
			);
			runOnlyForDeploymentPostprocessing = 0;
		};
		ECC50A4B2B44CF7400028428 /* Frameworks */ = {
			isa = PBXFrameworksBuildPhase;
			buildActionMask = 2147483647;
			files = (
				ECD8D9132B567FBA00CCBE8D /* OSLog.framework in Frameworks */,
				A0C3F68C82C50F41FF61EA2E /* Pods_DogRun.framework in Frameworks */,
			);
			runOnlyForDeploymentPostprocessing = 0;
		};
/* End PBXFrameworksBuildPhase section */

/* Begin PBXGroup section */
		0DB291EF2D25C53496A613E5 /* Pods */ = {
			isa = PBXGroup;
			children = (
				3DBB6D9B1FB7E0704E56EF57 /* Pods-DogRun.debug.xcconfig */,
				4812423D31EF09C7A0B03200 /* Pods-DogRun.release.xcconfig */,
			);
			path = Pods;
			sourceTree = "<group>";
		};
		6D9070D74ABE17DEF8069188 /* Frameworks */ = {
			isa = PBXGroup;
			children = (
				ECD8D9122B567FBA00CCBE8D /* OSLog.framework */,
				A7F90DD715B23013C8331FD5 /* Pods_DogRun.framework */,
			);
			name = Frameworks;
			sourceTree = "<group>";
		};
		EC12E4352B617F1700EC5DF9 /* View */ = {
			isa = PBXGroup;
			children = (
				EC0DC8E72B854E7400C0C731 /* MainViewController.swift */,
				ECC50A552B44CF7400028428 /* LoginViewController.swift */,
				EC8106F72B5A4B8E006A2952 /* UserInfoViewController.swift */,
				EC12E4332B617EAD00EC5DF9 /* DogInfoViewController.swift */,
				EC978AEC2B9F1D3B003B090E /* WalkViewController.swift */,
			);
			path = View;
			sourceTree = "<group>";
		};
		EC14F7E22B87C1F60041E1AF /* Mock */ = {
			isa = PBXGroup;
			children = (
				EC14F7ED2B87C87B0041E1AF /* NetworkManagerProtocol.swift */,
				EC14F7EF2B87C8AA0041E1AF /* NetworkManagerStub.swift */,
				EC14F7F12B87C8D30041E1AF /* APIServiceStub.swift */,
			);
			path = Mock;
			sourceTree = "<group>";
		};
		EC14F7E62B87C3970041E1AF /* Resource */ = {
			isa = PBXGroup;
			children = (
				EC14F7F72B87CAFC0041E1AF /* maininfo_mock.json */,
				EC14F7EB2B87C5C80041E1AF /* userinfo_mock.json */,
				EC14F7F52B87CABE0041E1AF /* error_mock.json */,
				EC14F7F92B87CB260041E1AF /* doginfo_mock.json */,
			);
			path = Resource;
			sourceTree = "<group>";
		};
		EC181E7B2B7BB7B700E5607B /* Network */ = {
			isa = PBXGroup;
			children = (
				EC14F7E22B87C1F60041E1AF /* Mock */,
				EC0DC8E32B854E4800C0C731 /* HTTPMethod.swift */,
				EC5E6C942B91EDC3002DEEC1 /* APIEndpointType.swift */,
				EC181E7C2B7BB7B700E5607B /* APIService.swift */,
			);
			path = Network;
			sourceTree = "<group>";
		};
		EC181E852B7BF05200E5607B /* Repositories */ = {
			isa = PBXGroup;
			children = (
				EC5E6C962B92B7B6002DEEC1 /* UserDefaultsRepository.swift */,
				EC181E862B7BF0CF00E5607B /* UserRepository.swift */,
			);
			path = Repositories;
			sourceTree = "<group>";
		};
		EC4BDCE52B6C007B00F14872 /* Util */ = {
			isa = PBXGroup;
			children = (
				EC4BDCE62B6C008800F14872 /* Utils.swift */,
				EC978AEE2B9F1DBB003B090E /* CoreMotionService.swift */,
			);
			path = Util;
			sourceTree = "<group>";
		};
		EC5E01452B623F7D0046CE7B /* DogRunTests */ = {
			isa = PBXGroup;
			children = (
				ECAA8FEA2B970DF4007C6890 /* DogInfoViewModelTests.swift */,
				ECAA8FE82B970D82007C6890 /* DogInfoViewControllerTests.swift */,
				ECAA8FE62B96FF3E007C6890 /* UserViewModelTests.swift */,
				ECAA8FE42B96FC1B007C6890 /* UserInfoViewControllerTests.swift */,
				ECAA8FE22B96F6FC007C6890 /* LoginViewModelTests.swift */,
				EC5E6CA22B95C3F9002DEEC1 /* LoginViewControllerTests.swift */,
				EC5E6CA02B95C09B002DEEC1 /* UtilsTests.swift */,
				EC5E6C9E2B95B114002DEEC1 /* UIExtensionTest.swift */,
				EC5E6C9C2B95AE0C002DEEC1 /* APIEdnpointTypeTests.swift */,
				EC5E6C9A2B95AC3B002DEEC1 /* OSLogMethodTest.swift */,
				EC5E6C982B941E9A002DEEC1 /* MainViewModelTests.swift */,
				EC5E6C922B91ED29002DEEC1 /* UserDefaultsRepositoryTests.swift */,
				EC5E6C912B91ED29002DEEC1 /* DogRunTests-Bridging-Header.h */,
			);
			path = DogRunTests;
			sourceTree = "<group>";
		};
		EC8106DC2B5A4B25006A2952 /* Extension */ = {
			isa = PBXGroup;
			children = (
				EC8106DD2B5A4B25006A2952 /* String+Extension.swift */,
				EC4BDCD42B6BE6AB00F14872 /* UI+Extension.swift */,
				EC4BDCD62B6BE6C900F14872 /* OSLog+Extension.swift */,
				EC73D36E2B85E1D8009852A7 /* UIVewController+Extension.swift */,
			);
			path = Extension;
			sourceTree = "<group>";
		};
		EC8106E02B5A4B25006A2952 /* Model */ = {
			isa = PBXGroup;
			children = (
				EC0DC8FA2B85643100C0C731 /* MainInfo.swift */,
				EC0DC8E92B854EB100C0C731 /* ResponseData.swift */,
				EC0DC8EA2B854EB100C0C731 /* ResponseMainData.swift */,
				EC8106FE2B5A4D94006A2952 /* ResponseLoginData.swift */,
				EC8106E12B5A4B25006A2952 /* UserInfo.swift */,
				EC5E014F2B62CDB40046CE7B /* DogInfo.swift */,
				EC4BDCE32B6BF7B900F14872 /* ResponseDogInfoData.swift */,
				EC4188712B6C118D00A9E649 /* LoginInfo.swift */,
			);
			path = Model;
			sourceTree = "<group>";
		};
		EC8106E22B5A4B25006A2952 /* Constants */ = {
			isa = PBXGroup;
			children = (
				ECD3BAFE2B885A28002DA286 /* LocalizationKeys */,
				EC8106E32B5A4B25006A2952 /* UserDefaultsKeys.swift */,
				EC8106E52B5A4B25006A2952 /* DateFormat.swift */,
				EC8106E62B5A4B25006A2952 /* LayoutConstants.swift */,
				EC8106E72B5A4B25006A2952 /* ResponseStatus.swift */,
				EC4BDCDA2B6BE86000F14872 /* Gender.swift */,
				EC4BDCDC2B6BEAE600F14872 /* AppConstants.swift */,
			);
			path = Constants;
			sourceTree = "<group>";
		};
		EC8106EA2B5A4B25006A2952 /* ViewModel */ = {
			isa = PBXGroup;
			children = (
				EC0DC8ED2B854F3E00C0C731 /* MainViewModel.swift */,
				EC4BDCE12B6BF6E500F14872 /* DogInfoViewModel.swift */,
				EC8106EB2B5A4B25006A2952 /* UserInfoViewModel.swift */,
				EC41886F2B6C111700A9E649 /* LoginViewModel.swift */,
			);
			path = ViewModel;
			sourceTree = "<group>";
		};
		ECC50A452B44CF7400028428 = {
			isa = PBXGroup;
			children = (
				EC0DC8F82B8563F400C0C731 /* .swiftlint.yml */,
				ECC50A502B44CF7400028428 /* DogRun */,
				EC5E01452B623F7D0046CE7B /* DogRunTests */,
				ECC50A4F2B44CF7400028428 /* Products */,
				0DB291EF2D25C53496A613E5 /* Pods */,
				6D9070D74ABE17DEF8069188 /* Frameworks */,
			);
			sourceTree = "<group>";
		};
		ECC50A4F2B44CF7400028428 /* Products */ = {
			isa = PBXGroup;
			children = (
				ECC50A4E2B44CF7400028428 /* DogRun.app */,
				EC5E01442B623F7D0046CE7B /* DogRunTests.xctest */,
			);
			name = Products;
			sourceTree = "<group>";
		};
		ECC50A502B44CF7400028428 /* DogRun */ = {
			isa = PBXGroup;
			children = (
				EC14F7E62B87C3970041E1AF /* Resource */,
				EC181E852B7BF05200E5607B /* Repositories */,
				EC181E7B2B7BB7B700E5607B /* Network */,
				EC4BDCE52B6C007B00F14872 /* Util */,
				EC12E4352B617F1700EC5DF9 /* View */,
				EC8106E22B5A4B25006A2952 /* Constants */,
				EC8106DC2B5A4B25006A2952 /* Extension */,
				EC8106E02B5A4B25006A2952 /* Model */,
				EC8106EA2B5A4B25006A2952 /* ViewModel */,
				EC3CFAE42B45E23A00D0F1A2 /* DogRun.entitlements */,
				ECC50A512B44CF7400028428 /* AppDelegate.swift */,
				ECC50A532B44CF7400028428 /* SceneDelegate.swift */,
				ECC50A572B44CF7400028428 /* Main.storyboard */,
				ECC50A5A2B44CF7800028428 /* Assets.xcassets */,
				ECC50A5C2B44CF7800028428 /* LaunchScreen.storyboard */,
				ECC50A5F2B44CF7800028428 /* Info.plist */,
				EC1DEE1A2B4772AF00E8F4E2 /* GoogleService-Info.plist */,
				ECD8D91B2B56829B00CCBE8D /* Localizable.strings */,
			);
			path = DogRun;
			sourceTree = "<group>";
		};
		ECD3BAFE2B885A28002DA286 /* LocalizationKeys */ = {
			isa = PBXGroup;
			children = (
				ECD3BAFF2B885A50002DA286 /* LabelKeys.swift */,
				ECD3BB012B885A61002DA286 /* TextFieldKeys.swift */,
				ECD3BB032B885A6B002DA286 /* ButtonKeys.swift */,
				ECD3BB052B885A75002DA286 /* AlertKeys.swift */,
				ECD3BB072B885ACF002DA286 /* EtcKeys.swift */,
			);
			path = LocalizationKeys;
			sourceTree = "<group>";
		};
/* End PBXGroup section */

/* Begin PBXNativeTarget section */
		EC5E01432B623F7D0046CE7B /* DogRunTests */ = {
			isa = PBXNativeTarget;
			buildConfigurationList = EC5E014C2B623F7D0046CE7B /* Build configuration list for PBXNativeTarget "DogRunTests" */;
			buildPhases = (
				EC5E01402B623F7D0046CE7B /* Sources */,
				EC5E01412B623F7D0046CE7B /* Frameworks */,
				EC5E01422B623F7D0046CE7B /* Resources */,
			);
			buildRules = (
			);
			dependencies = (
				EC5E01492B623F7D0046CE7B /* PBXTargetDependency */,
			);
			name = DogRunTests;
			productName = DogRunTests;
			productReference = EC5E01442B623F7D0046CE7B /* DogRunTests.xctest */;
			productType = "com.apple.product-type.bundle.unit-test";
		};
		ECC50A4D2B44CF7400028428 /* DogRun */ = {
			isa = PBXNativeTarget;
			buildConfigurationList = ECC50A622B44CF7800028428 /* Build configuration list for PBXNativeTarget "DogRun" */;
			buildPhases = (
				54D48DA95E413499C279A10F /* [CP] Check Pods Manifest.lock */,
				ECC50A4A2B44CF7400028428 /* Sources */,
				ECC50A4B2B44CF7400028428 /* Frameworks */,
				ECC50A4C2B44CF7400028428 /* Resources */,
				F6714E1CE6432AAC8764BB53 /* [CP] Embed Pods Frameworks */,
				EC14F7E12B87A4100041E1AF /* ShellScript */,
			);
			buildRules = (
			);
			dependencies = (
			);
			name = DogRun;
			productName = DogRun;
			productReference = ECC50A4E2B44CF7400028428 /* DogRun.app */;
			productType = "com.apple.product-type.application";
		};
/* End PBXNativeTarget section */

/* Begin PBXProject section */
		ECC50A462B44CF7400028428 /* Project object */ = {
			isa = PBXProject;
			attributes = {
				BuildIndependentTargetsInParallel = 1;
				LastSwiftUpdateCheck = 1500;
				LastUpgradeCheck = 1500;
				TargetAttributes = {
					EC5E01432B623F7D0046CE7B = {
						CreatedOnToolsVersion = 15.0.1;
						LastSwiftMigration = 1500;
						TestTargetID = ECC50A4D2B44CF7400028428;
					};
					ECC50A4D2B44CF7400028428 = {
						CreatedOnToolsVersion = 15.0.1;
					};
				};
			};
			buildConfigurationList = ECC50A492B44CF7400028428 /* Build configuration list for PBXProject "DogRun" */;
			compatibilityVersion = "Xcode 14.0";
			developmentRegion = en;
			hasScannedForEncodings = 0;
			knownRegions = (
				en,
				Base,
				ko,
			);
			mainGroup = ECC50A452B44CF7400028428;
			productRefGroup = ECC50A4F2B44CF7400028428 /* Products */;
			projectDirPath = "";
			projectRoot = "";
			targets = (
				ECC50A4D2B44CF7400028428 /* DogRun */,
				EC5E01432B623F7D0046CE7B /* DogRunTests */,
			);
		};
/* End PBXProject section */

/* Begin PBXResourcesBuildPhase section */
		EC5E01422B623F7D0046CE7B /* Resources */ = {
			isa = PBXResourcesBuildPhase;
			buildActionMask = 2147483647;
			files = (
			);
			runOnlyForDeploymentPostprocessing = 0;
		};
		ECC50A4C2B44CF7400028428 /* Resources */ = {
			isa = PBXResourcesBuildPhase;
			buildActionMask = 2147483647;
			files = (
				EC0DC8F92B8563F400C0C731 /* .swiftlint.yml in Resources */,
				ECC50A5E2B44CF7800028428 /* LaunchScreen.storyboard in Resources */,
				EC14F7F82B87CAFC0041E1AF /* maininfo_mock.json in Resources */,
				ECD8D9192B56829B00CCBE8D /* Localizable.strings in Resources */,
				EC14F7F62B87CABE0041E1AF /* error_mock.json in Resources */,
				EC1DEE1B2B4772B000E8F4E2 /* GoogleService-Info.plist in Resources */,
				EC14F7EC2B87C5C80041E1AF /* userinfo_mock.json in Resources */,
				ECC50A5B2B44CF7800028428 /* Assets.xcassets in Resources */,
				ECC50A592B44CF7400028428 /* Main.storyboard in Resources */,
				EC14F7FA2B87CB260041E1AF /* doginfo_mock.json in Resources */,
			);
			runOnlyForDeploymentPostprocessing = 0;
		};
/* End PBXResourcesBuildPhase section */

/* Begin PBXShellScriptBuildPhase section */
		54D48DA95E413499C279A10F /* [CP] Check Pods Manifest.lock */ = {
			isa = PBXShellScriptBuildPhase;
			buildActionMask = 2147483647;
			files = (
			);
			inputFileListPaths = (
			);
			inputPaths = (
				"${PODS_PODFILE_DIR_PATH}/Podfile.lock",
				"${PODS_ROOT}/Manifest.lock",
			);
			name = "[CP] Check Pods Manifest.lock";
			outputFileListPaths = (
			);
			outputPaths = (
				"$(DERIVED_FILE_DIR)/Pods-DogRun-checkManifestLockResult.txt",
			);
			runOnlyForDeploymentPostprocessing = 0;
			shellPath = /bin/sh;
			shellScript = "diff \"${PODS_PODFILE_DIR_PATH}/Podfile.lock\" \"${PODS_ROOT}/Manifest.lock\" > /dev/null\nif [ $? != 0 ] ; then\n    # print error to STDERR\n    echo \"error: The sandbox is not in sync with the Podfile.lock. Run 'pod install' or update your CocoaPods installation.\" >&2\n    exit 1\nfi\n# This output is used by Xcode 'outputs' to avoid re-running this script phase.\necho \"SUCCESS\" > \"${SCRIPT_OUTPUT_FILE_0}\"\n";
			showEnvVarsInLog = 0;
		};
		EC14F7E12B87A4100041E1AF /* ShellScript */ = {
			isa = PBXShellScriptBuildPhase;
			buildActionMask = 2147483647;
			files = (
			);
			inputFileListPaths = (
			);
			inputPaths = (
			);
			outputFileListPaths = (
			);
			outputPaths = (
			);
			runOnlyForDeploymentPostprocessing = 0;
			shellPath = /bin/sh;
			shellScript = "${PODS_ROOT}/SwiftLint/swiftlint\n";
		};
		F6714E1CE6432AAC8764BB53 /* [CP] Embed Pods Frameworks */ = {
			isa = PBXShellScriptBuildPhase;
			buildActionMask = 2147483647;
			files = (
			);
			inputFileListPaths = (
				"${PODS_ROOT}/Target Support Files/Pods-DogRun/Pods-DogRun-frameworks-${CONFIGURATION}-input-files.xcfilelist",
			);
			name = "[CP] Embed Pods Frameworks";
			outputFileListPaths = (
				"${PODS_ROOT}/Target Support Files/Pods-DogRun/Pods-DogRun-frameworks-${CONFIGURATION}-output-files.xcfilelist",
			);
			runOnlyForDeploymentPostprocessing = 0;
			shellPath = /bin/sh;
			shellScript = "\"${PODS_ROOT}/Target Support Files/Pods-DogRun/Pods-DogRun-frameworks.sh\"\n";
			showEnvVarsInLog = 0;
		};
/* End PBXShellScriptBuildPhase section */

/* Begin PBXSourcesBuildPhase section */
		EC5E01402B623F7D0046CE7B /* Sources */ = {
			isa = PBXSourcesBuildPhase;
			buildActionMask = 2147483647;
			files = (
				EC5E6C9B2B95AC3B002DEEC1 /* OSLogMethodTest.swift in Sources */,
				ECAA8FE72B96FF3E007C6890 /* UserViewModelTests.swift in Sources */,
				EC5E6C9D2B95AE0C002DEEC1 /* APIEdnpointTypeTests.swift in Sources */,
				ECAA8FEB2B970DF4007C6890 /* DogInfoViewModelTests.swift in Sources */,
				ECAA8FE92B970D82007C6890 /* DogInfoViewControllerTests.swift in Sources */,
				EC5E6C932B91ED29002DEEC1 /* UserDefaultsRepositoryTests.swift in Sources */,
				ECAA8FE52B96FC1C007C6890 /* UserInfoViewControllerTests.swift in Sources */,
				EC5E6CA32B95C3F9002DEEC1 /* LoginViewControllerTests.swift in Sources */,
				ECAA8FE32B96F6FC007C6890 /* LoginViewModelTests.swift in Sources */,
				EC5E6C992B941E9A002DEEC1 /* MainViewModelTests.swift in Sources */,
				EC5E6C9F2B95B114002DEEC1 /* UIExtensionTest.swift in Sources */,
				EC5E6CA12B95C09B002DEEC1 /* UtilsTests.swift in Sources */,
			);
			runOnlyForDeploymentPostprocessing = 0;
		};
		ECC50A4A2B44CF7400028428 /* Sources */ = {
			isa = PBXSourcesBuildPhase;
			buildActionMask = 2147483647;
			files = (
				EC4188702B6C111700A9E649 /* LoginViewModel.swift in Sources */,
				EC4BDCD52B6BE6AB00F14872 /* UI+Extension.swift in Sources */,
				EC8106EC2B5A4B25006A2952 /* String+Extension.swift in Sources */,
				EC4BDCD72B6BE6C900F14872 /* OSLog+Extension.swift in Sources */,
				ECC50A562B44CF7400028428 /* LoginViewController.swift in Sources */,
				EC4BDCE42B6BF7B900F14872 /* ResponseDogInfoData.swift in Sources */,
				ECC50A522B44CF7400028428 /* AppDelegate.swift in Sources */,
				EC14F7F02B87C8AA0041E1AF /* NetworkManagerStub.swift in Sources */,
				ECD3BB082B885ACF002DA286 /* EtcKeys.swift in Sources */,
				EC4BDCE72B6C008800F14872 /* Utils.swift in Sources */,
				EC5E6C972B92B7B7002DEEC1 /* UserDefaultsRepository.swift in Sources */,
				EC978AED2B9F1D3B003B090E /* WalkViewController.swift in Sources */,
				EC181E872B7BF0CF00E5607B /* UserRepository.swift in Sources */,
				ECD3BB022B885A61002DA286 /* TextFieldKeys.swift in Sources */,
				EC4BDCDD2B6BEAE600F14872 /* AppConstants.swift in Sources */,
				EC8106F32B5A4B25006A2952 /* LayoutConstants.swift in Sources */,
				EC73D36F2B85E1D8009852A7 /* UIVewController+Extension.swift in Sources */,
				EC8106F82B5A4B8E006A2952 /* UserInfoViewController.swift in Sources */,
				EC8106FF2B5A4D94006A2952 /* ResponseLoginData.swift in Sources */,
				EC0DC8EC2B854EB100C0C731 /* ResponseMainData.swift in Sources */,
				EC5E01502B62CDB40046CE7B /* DogInfo.swift in Sources */,
				EC0DC8E82B854E7400C0C731 /* MainViewController.swift in Sources */,
				EC0DC8E42B854E4800C0C731 /* HTTPMethod.swift in Sources */,
				EC8106F42B5A4B25006A2952 /* ResponseStatus.swift in Sources */,
				ECD3BB042B885A6B002DA286 /* ButtonKeys.swift in Sources */,
				EC14F7EE2B87C87B0041E1AF /* NetworkManagerProtocol.swift in Sources */,
				EC978AEF2B9F1DBB003B090E /* CoreMotionService.swift in Sources */,
				ECD3BB002B885A50002DA286 /* LabelKeys.swift in Sources */,
				EC4188722B6C118D00A9E649 /* LoginInfo.swift in Sources */,
				EC181E802B7BB7B700E5607B /* APIService.swift in Sources */,
				EC0DC8EB2B854EB100C0C731 /* ResponseData.swift in Sources */,
				EC5E6C952B91EDC3002DEEC1 /* APIEndpointType.swift in Sources */,
				EC14F7F22B87C8D40041E1AF /* APIServiceStub.swift in Sources */,
				EC8106F02B5A4B25006A2952 /* UserDefaultsKeys.swift in Sources */,
				ECD3BB062B885A75002DA286 /* AlertKeys.swift in Sources */,
				EC0DC8EE2B854F3E00C0C731 /* MainViewModel.swift in Sources */,
				EC8106F62B5A4B25006A2952 /* UserInfoViewModel.swift in Sources */,
				EC12E4342B617EAD00EC5DF9 /* DogInfoViewController.swift in Sources */,
				ECC50A542B44CF7400028428 /* SceneDelegate.swift in Sources */,
				EC8106EF2B5A4B25006A2952 /* UserInfo.swift in Sources */,
				EC0DC8FB2B85643100C0C731 /* MainInfo.swift in Sources */,
				EC4BDCDB2B6BE86000F14872 /* Gender.swift in Sources */,
				EC8106F22B5A4B25006A2952 /* DateFormat.swift in Sources */,
				EC4BDCE22B6BF6E500F14872 /* DogInfoViewModel.swift in Sources */,
			);
			runOnlyForDeploymentPostprocessing = 0;
		};
/* End PBXSourcesBuildPhase section */

/* Begin PBXTargetDependency section */
		EC5E01492B623F7D0046CE7B /* PBXTargetDependency */ = {
			isa = PBXTargetDependency;
			target = ECC50A4D2B44CF7400028428 /* DogRun */;
			targetProxy = EC5E01482B623F7D0046CE7B /* PBXContainerItemProxy */;
		};
/* End PBXTargetDependency section */

/* Begin PBXVariantGroup section */
		ECC50A572B44CF7400028428 /* Main.storyboard */ = {
			isa = PBXVariantGroup;
			children = (
				ECC50A582B44CF7400028428 /* Base */,
			);
			name = Main.storyboard;
			sourceTree = "<group>";
		};
		ECC50A5C2B44CF7800028428 /* LaunchScreen.storyboard */ = {
			isa = PBXVariantGroup;
			children = (
				ECC50A5D2B44CF7800028428 /* Base */,
			);
			name = LaunchScreen.storyboard;
			sourceTree = "<group>";
		};
		ECD8D91B2B56829B00CCBE8D /* Localizable.strings */ = {
			isa = PBXVariantGroup;
			children = (
				ECD8D91A2B56829B00CCBE8D /* en */,
				ECD8D91C2B5682BA00CCBE8D /* ko */,
			);
			name = Localizable.strings;
			sourceTree = "<group>";
		};
/* End PBXVariantGroup section */

/* Begin XCBuildConfiguration section */
		EC5E014A2B623F7D0046CE7B /* Debug */ = {
			isa = XCBuildConfiguration;
			buildSettings = {
				BUNDLE_LOADER = "$(TEST_HOST)";
				CLANG_ENABLE_MODULES = YES;
				CODE_SIGN_STYLE = Automatic;
				CURRENT_PROJECT_VERSION = 1;
				DEVELOPMENT_TEAM = X37DLPQR73;
				ENABLE_USER_SCRIPT_SANDBOXING = YES;
				GENERATE_INFOPLIST_FILE = YES;
				IPHONEOS_DEPLOYMENT_TARGET = 17.0;
				MACOSX_DEPLOYMENT_TARGET = 13.6;
				MARKETING_VERSION = 1.0;
				PRODUCT_BUNDLE_IDENTIFIER = com.gglee.DogRunTests;
				PRODUCT_NAME = "$(TARGET_NAME)";
				SDKROOT = auto;
				SUPPORTED_PLATFORMS = "iphoneos iphonesimulator macosx";
				SWIFT_EMIT_LOC_STRINGS = NO;
				SWIFT_OBJC_BRIDGING_HEADER = "DogRunTests/DogRunTests-Bridging-Header.h";
				SWIFT_OPTIMIZATION_LEVEL = "-Onone";
				SWIFT_VERSION = 5.0;
				TARGETED_DEVICE_FAMILY = "1,2";
				TEST_HOST = "$(BUILT_PRODUCTS_DIR)/DogRun.app/$(BUNDLE_EXECUTABLE_FOLDER_PATH)/DogRun";
			};
			name = Debug;
		};
		EC5E014B2B623F7D0046CE7B /* Release */ = {
			isa = XCBuildConfiguration;
			buildSettings = {
				BUNDLE_LOADER = "$(TEST_HOST)";
				CLANG_ENABLE_MODULES = YES;
				CODE_SIGN_STYLE = Automatic;
				CURRENT_PROJECT_VERSION = 1;
				DEVELOPMENT_TEAM = X37DLPQR73;
				ENABLE_USER_SCRIPT_SANDBOXING = YES;
				GENERATE_INFOPLIST_FILE = YES;
				IPHONEOS_DEPLOYMENT_TARGET = 17.0;
				MACOSX_DEPLOYMENT_TARGET = 13.6;
				MARKETING_VERSION = 1.0;
				PRODUCT_BUNDLE_IDENTIFIER = com.gglee.DogRunTests;
				PRODUCT_NAME = "$(TARGET_NAME)";
				SDKROOT = auto;
				SUPPORTED_PLATFORMS = "iphoneos iphonesimulator macosx";
				SWIFT_EMIT_LOC_STRINGS = NO;
				SWIFT_OBJC_BRIDGING_HEADER = "DogRunTests/DogRunTests-Bridging-Header.h";
				SWIFT_VERSION = 5.0;
				TARGETED_DEVICE_FAMILY = "1,2";
				TEST_HOST = "$(BUILT_PRODUCTS_DIR)/DogRun.app/$(BUNDLE_EXECUTABLE_FOLDER_PATH)/DogRun";
			};
			name = Release;
		};
		ECC50A602B44CF7800028428 /* Debug */ = {
			isa = XCBuildConfiguration;
			buildSettings = {
				ALWAYS_SEARCH_USER_PATHS = NO;
				ASSETCATALOG_COMPILER_GENERATE_SWIFT_ASSET_SYMBOL_EXTENSIONS = YES;
				CLANG_ANALYZER_LOCALIZABILITY_NONLOCALIZED = YES;
				CLANG_ANALYZER_NONNULL = YES;
				CLANG_ANALYZER_NUMBER_OBJECT_CONVERSION = YES_AGGRESSIVE;
				CLANG_CXX_LANGUAGE_STANDARD = "gnu++20";
				CLANG_ENABLE_MODULES = YES;
				CLANG_ENABLE_OBJC_ARC = YES;
				CLANG_ENABLE_OBJC_WEAK = YES;
				CLANG_WARN_BLOCK_CAPTURE_AUTORELEASING = YES;
				CLANG_WARN_BOOL_CONVERSION = YES;
				CLANG_WARN_COMMA = YES;
				CLANG_WARN_CONSTANT_CONVERSION = YES;
				CLANG_WARN_DEPRECATED_OBJC_IMPLEMENTATIONS = YES;
				CLANG_WARN_DIRECT_OBJC_ISA_USAGE = YES_ERROR;
				CLANG_WARN_DOCUMENTATION_COMMENTS = YES;
				CLANG_WARN_EMPTY_BODY = YES;
				CLANG_WARN_ENUM_CONVERSION = YES;
				CLANG_WARN_INFINITE_RECURSION = YES;
				CLANG_WARN_INT_CONVERSION = YES;
				CLANG_WARN_NON_LITERAL_NULL_CONVERSION = YES;
				CLANG_WARN_OBJC_IMPLICIT_RETAIN_SELF = YES;
				CLANG_WARN_OBJC_LITERAL_CONVERSION = YES;
				CLANG_WARN_OBJC_ROOT_CLASS = YES_ERROR;
				CLANG_WARN_QUOTED_INCLUDE_IN_FRAMEWORK_HEADER = YES;
				CLANG_WARN_RANGE_LOOP_ANALYSIS = YES;
				CLANG_WARN_STRICT_PROTOTYPES = YES;
				CLANG_WARN_SUSPICIOUS_MOVE = YES;
				CLANG_WARN_UNGUARDED_AVAILABILITY = YES_AGGRESSIVE;
				CLANG_WARN_UNREACHABLE_CODE = YES;
				CLANG_WARN__DUPLICATE_METHOD_MATCH = YES;
				COPY_PHASE_STRIP = NO;
				DEBUG_INFORMATION_FORMAT = dwarf;
				ENABLE_STRICT_OBJC_MSGSEND = YES;
				ENABLE_TESTABILITY = YES;
				ENABLE_USER_SCRIPT_SANDBOXING = NO;
				GCC_C_LANGUAGE_STANDARD = gnu17;
				GCC_DYNAMIC_NO_PIC = NO;
				GCC_NO_COMMON_BLOCKS = YES;
				GCC_OPTIMIZATION_LEVEL = 0;
				GCC_PREPROCESSOR_DEFINITIONS = (
					"DEBUG=1",
					"$(inherited)",
				);
				GCC_WARN_64_TO_32_BIT_CONVERSION = YES;
				GCC_WARN_ABOUT_RETURN_TYPE = YES_ERROR;
				GCC_WARN_UNDECLARED_SELECTOR = YES;
				GCC_WARN_UNINITIALIZED_AUTOS = YES_AGGRESSIVE;
				GCC_WARN_UNUSED_FUNCTION = YES;
				GCC_WARN_UNUSED_VARIABLE = YES;
				IPHONEOS_DEPLOYMENT_TARGET = 13.0;
				LOCALIZATION_PREFERS_STRING_CATALOGS = YES;
				MTL_ENABLE_DEBUG_INFO = INCLUDE_SOURCE;
				MTL_FAST_MATH = YES;
				ONLY_ACTIVE_ARCH = YES;
				SDKROOT = iphoneos;
				SWIFT_ACTIVE_COMPILATION_CONDITIONS = "DEBUG $(inherited)";
				SWIFT_OPTIMIZATION_LEVEL = "-Onone";
			};
			name = Debug;
		};
		ECC50A612B44CF7800028428 /* Release */ = {
			isa = XCBuildConfiguration;
			buildSettings = {
				ALWAYS_SEARCH_USER_PATHS = NO;
				ASSETCATALOG_COMPILER_GENERATE_SWIFT_ASSET_SYMBOL_EXTENSIONS = YES;
				CLANG_ANALYZER_LOCALIZABILITY_NONLOCALIZED = YES;
				CLANG_ANALYZER_NONNULL = YES;
				CLANG_ANALYZER_NUMBER_OBJECT_CONVERSION = YES_AGGRESSIVE;
				CLANG_CXX_LANGUAGE_STANDARD = "gnu++20";
				CLANG_ENABLE_MODULES = YES;
				CLANG_ENABLE_OBJC_ARC = YES;
				CLANG_ENABLE_OBJC_WEAK = YES;
				CLANG_WARN_BLOCK_CAPTURE_AUTORELEASING = YES;
				CLANG_WARN_BOOL_CONVERSION = YES;
				CLANG_WARN_COMMA = YES;
				CLANG_WARN_CONSTANT_CONVERSION = YES;
				CLANG_WARN_DEPRECATED_OBJC_IMPLEMENTATIONS = YES;
				CLANG_WARN_DIRECT_OBJC_ISA_USAGE = YES_ERROR;
				CLANG_WARN_DOCUMENTATION_COMMENTS = YES;
				CLANG_WARN_EMPTY_BODY = YES;
				CLANG_WARN_ENUM_CONVERSION = YES;
				CLANG_WARN_INFINITE_RECURSION = YES;
				CLANG_WARN_INT_CONVERSION = YES;
				CLANG_WARN_NON_LITERAL_NULL_CONVERSION = YES;
				CLANG_WARN_OBJC_IMPLICIT_RETAIN_SELF = YES;
				CLANG_WARN_OBJC_LITERAL_CONVERSION = YES;
				CLANG_WARN_OBJC_ROOT_CLASS = YES_ERROR;
				CLANG_WARN_QUOTED_INCLUDE_IN_FRAMEWORK_HEADER = YES;
				CLANG_WARN_RANGE_LOOP_ANALYSIS = YES;
				CLANG_WARN_STRICT_PROTOTYPES = YES;
				CLANG_WARN_SUSPICIOUS_MOVE = YES;
				CLANG_WARN_UNGUARDED_AVAILABILITY = YES_AGGRESSIVE;
				CLANG_WARN_UNREACHABLE_CODE = YES;
				CLANG_WARN__DUPLICATE_METHOD_MATCH = YES;
				COPY_PHASE_STRIP = NO;
				DEBUG_INFORMATION_FORMAT = "dwarf-with-dsym";
				ENABLE_NS_ASSERTIONS = NO;
				ENABLE_STRICT_OBJC_MSGSEND = YES;
				ENABLE_USER_SCRIPT_SANDBOXING = NO;
				GCC_C_LANGUAGE_STANDARD = gnu17;
				GCC_NO_COMMON_BLOCKS = YES;
				GCC_WARN_64_TO_32_BIT_CONVERSION = YES;
				GCC_WARN_ABOUT_RETURN_TYPE = YES_ERROR;
				GCC_WARN_UNDECLARED_SELECTOR = YES;
				GCC_WARN_UNINITIALIZED_AUTOS = YES_AGGRESSIVE;
				GCC_WARN_UNUSED_FUNCTION = YES;
				GCC_WARN_UNUSED_VARIABLE = YES;
				IPHONEOS_DEPLOYMENT_TARGET = 13.0;
				LOCALIZATION_PREFERS_STRING_CATALOGS = YES;
				MTL_ENABLE_DEBUG_INFO = NO;
				MTL_FAST_MATH = YES;
				SDKROOT = iphoneos;
				SWIFT_COMPILATION_MODE = wholemodule;
				VALIDATE_PRODUCT = YES;
			};
			name = Release;
		};
		ECC50A632B44CF7800028428 /* Debug */ = {
			isa = XCBuildConfiguration;
			baseConfigurationReference = 3DBB6D9B1FB7E0704E56EF57 /* Pods-DogRun.debug.xcconfig */;
			buildSettings = {
				ASSETCATALOG_COMPILER_APPICON_NAME = AppIcon;
				ASSETCATALOG_COMPILER_GLOBAL_ACCENT_COLOR_NAME = AccentColor;
				CODE_SIGN_ENTITLEMENTS = DogRun/DogRun.entitlements;
				CODE_SIGN_IDENTITY = "Apple Development";
				CODE_SIGN_STYLE = Automatic;
				CURRENT_PROJECT_VERSION = 1;
				DEVELOPMENT_TEAM = 6TZ92V5LSX;
				GENERATE_INFOPLIST_FILE = YES;
				INFOPLIST_FILE = DogRun/Info.plist;
				INFOPLIST_KEY_UIApplicationSupportsIndirectInputEvents = YES;
				INFOPLIST_KEY_UILaunchStoryboardName = LaunchScreen;
				INFOPLIST_KEY_UIMainStoryboardFile = Main;
				INFOPLIST_KEY_UISupportedInterfaceOrientations_iPad = "UIInterfaceOrientationPortrait UIInterfaceOrientationPortraitUpsideDown UIInterfaceOrientationLandscapeLeft UIInterfaceOrientationLandscapeRight";
				INFOPLIST_KEY_UISupportedInterfaceOrientations_iPhone = "UIInterfaceOrientationPortrait UIInterfaceOrientationLandscapeLeft UIInterfaceOrientationLandscapeRight";
				LD_RUNPATH_SEARCH_PATHS = (
					"$(inherited)",
					"@executable_path/Frameworks",
				);
				MARKETING_VERSION = 1.0;
				PRODUCT_BUNDLE_IDENTIFIER = com.gglee;
				PRODUCT_NAME = "$(TARGET_NAME)";
				PROVISIONING_PROFILE_SPECIFIER = "";
				SWIFT_EMIT_LOC_STRINGS = YES;
				SWIFT_VERSION = 5.0;
				TARGETED_DEVICE_FAMILY = "1,2";
			};
			name = Debug;
		};
		ECC50A642B44CF7800028428 /* Release */ = {
			isa = XCBuildConfiguration;
			baseConfigurationReference = 4812423D31EF09C7A0B03200 /* Pods-DogRun.release.xcconfig */;
			buildSettings = {
				ASSETCATALOG_COMPILER_APPICON_NAME = AppIcon;
				ASSETCATALOG_COMPILER_GLOBAL_ACCENT_COLOR_NAME = AccentColor;
				CODE_SIGN_ENTITLEMENTS = DogRun/DogRun.entitlements;
				CODE_SIGN_IDENTITY = "Apple Development";
				CODE_SIGN_STYLE = Automatic;
				CURRENT_PROJECT_VERSION = 1;
				DEVELOPMENT_TEAM = 6TZ92V5LSX;
				GENERATE_INFOPLIST_FILE = YES;
				INFOPLIST_FILE = DogRun/Info.plist;
				INFOPLIST_KEY_UIApplicationSupportsIndirectInputEvents = YES;
				INFOPLIST_KEY_UILaunchStoryboardName = LaunchScreen;
				INFOPLIST_KEY_UIMainStoryboardFile = Main;
				INFOPLIST_KEY_UISupportedInterfaceOrientations_iPad = "UIInterfaceOrientationPortrait UIInterfaceOrientationPortraitUpsideDown UIInterfaceOrientationLandscapeLeft UIInterfaceOrientationLandscapeRight";
				INFOPLIST_KEY_UISupportedInterfaceOrientations_iPhone = "UIInterfaceOrientationPortrait UIInterfaceOrientationLandscapeLeft UIInterfaceOrientationLandscapeRight";
				LD_RUNPATH_SEARCH_PATHS = (
					"$(inherited)",
					"@executable_path/Frameworks",
				);
				MARKETING_VERSION = 1.0;
				PRODUCT_BUNDLE_IDENTIFIER = com.gglee;
				PRODUCT_NAME = "$(TARGET_NAME)";
				PROVISIONING_PROFILE_SPECIFIER = "";
				SWIFT_EMIT_LOC_STRINGS = YES;
				SWIFT_VERSION = 5.0;
				TARGETED_DEVICE_FAMILY = "1,2";
			};
			name = Release;
		};
/* End XCBuildConfiguration section */

/* Begin XCConfigurationList section */
		EC5E014C2B623F7D0046CE7B /* Build configuration list for PBXNativeTarget "DogRunTests" */ = {
			isa = XCConfigurationList;
			buildConfigurations = (
				EC5E014A2B623F7D0046CE7B /* Debug */,
				EC5E014B2B623F7D0046CE7B /* Release */,
			);
			defaultConfigurationIsVisible = 0;
			defaultConfigurationName = Release;
		};
		ECC50A492B44CF7400028428 /* Build configuration list for PBXProject "DogRun" */ = {
			isa = XCConfigurationList;
			buildConfigurations = (
				ECC50A602B44CF7800028428 /* Debug */,
				ECC50A612B44CF7800028428 /* Release */,
			);
			defaultConfigurationIsVisible = 0;
			defaultConfigurationName = Release;
		};
		ECC50A622B44CF7800028428 /* Build configuration list for PBXNativeTarget "DogRun" */ = {
			isa = XCConfigurationList;
			buildConfigurations = (
				ECC50A632B44CF7800028428 /* Debug */,
				ECC50A642B44CF7800028428 /* Release */,
			);
			defaultConfigurationIsVisible = 0;
			defaultConfigurationName = Release;
		};
/* End XCConfigurationList section */
	};
	rootObject = ECC50A462B44CF7400028428 /* Project object */;
}
