// !$*UTF8*$!
{
	archiveVersion = 1;
	classes = {
	};
	objectVersion = 56;
	objects = {

/* Begin PBXBuildFile section */
		A0C3F68C82C50F41FF61EA2E /* Pods_DogRun.framework in Frameworks */ = {isa = PBXBuildFile; fileRef = A7F90DD715B23013C8331FD5 /* Pods_DogRun.framework */; };
		EC181E712B7BB03C00E5607B /* UserDefaultsKeys.swift in Sources */ = {isa = PBXBuildFile; fileRef = EC181E642B7BB03B00E5607B /* UserDefaultsKeys.swift */; };
		EC181E722B7BB03C00E5607B /* LocalizationKeys.swift in Sources */ = {isa = PBXBuildFile; fileRef = EC181E652B7BB03B00E5607B /* LocalizationKeys.swift */; };
		EC181E732B7BB03C00E5607B /* DateFormat.swift in Sources */ = {isa = PBXBuildFile; fileRef = EC181E662B7BB03B00E5607B /* DateFormat.swift */; };
		EC181E742B7BB03C00E5607B /* LayoutConstants.swift in Sources */ = {isa = PBXBuildFile; fileRef = EC181E672B7BB03B00E5607B /* LayoutConstants.swift */; };
		EC181E752B7BB03C00E5607B /* ResponseStatus.swift in Sources */ = {isa = PBXBuildFile; fileRef = EC181E682B7BB03B00E5607B /* ResponseStatus.swift */; };
		EC181E762B7BB03C00E5607B /* UserInfoViewModel.swift in Sources */ = {isa = PBXBuildFile; fileRef = EC181E6A2B7BB03B00E5607B /* UserInfoViewModel.swift */; };
		EC181E772B7BB03C00E5607B /* String+Extension.swift in Sources */ = {isa = PBXBuildFile; fileRef = EC181E6C2B7BB03B00E5607B /* String+Extension.swift */; };
		EC181E782B7BB03C00E5607B /* OSLog.swift in Sources */ = {isa = PBXBuildFile; fileRef = EC181E6D2B7BB03B00E5607B /* OSLog.swift */; };
		EC181E792B7BB03C00E5607B /* UIExtensions.swift in Sources */ = {isa = PBXBuildFile; fileRef = EC181E6E2B7BB03B00E5607B /* UIExtensions.swift */; };
		EC181E7A2B7BB03C00E5607B /* UserInfo.swift in Sources */ = {isa = PBXBuildFile; fileRef = EC181E702B7BB03C00E5607B /* UserInfo.swift */; };
		EC1DEE1B2B4772B000E8F4E2 /* GoogleService-Info.plist in Resources */ = {isa = PBXBuildFile; fileRef = EC1DEE1A2B4772AF00E8F4E2 /* GoogleService-Info.plist */; };
		ECC50A522B44CF7400028428 /* AppDelegate.swift in Sources */ = {isa = PBXBuildFile; fileRef = ECC50A512B44CF7400028428 /* AppDelegate.swift */; };
		ECC50A542B44CF7400028428 /* SceneDelegate.swift in Sources */ = {isa = PBXBuildFile; fileRef = ECC50A532B44CF7400028428 /* SceneDelegate.swift */; };
		ECC50A562B44CF7400028428 /* ViewController.swift in Sources */ = {isa = PBXBuildFile; fileRef = ECC50A552B44CF7400028428 /* ViewController.swift */; };
		ECC50A592B44CF7400028428 /* Main.storyboard in Resources */ = {isa = PBXBuildFile; fileRef = ECC50A572B44CF7400028428 /* Main.storyboard */; };
		ECC50A5B2B44CF7800028428 /* Assets.xcassets in Resources */ = {isa = PBXBuildFile; fileRef = ECC50A5A2B44CF7800028428 /* Assets.xcassets */; };
		ECC50A5E2B44CF7800028428 /* LaunchScreen.storyboard in Resources */ = {isa = PBXBuildFile; fileRef = ECC50A5C2B44CF7800028428 /* LaunchScreen.storyboard */; };
		ECD8D9062B567E6B00CCBE8D /* UserInfo in Resources */ = {isa = PBXBuildFile; fileRef = ECD8D9052B567E6B00CCBE8D /* UserInfo */; };
		ECD8D9132B567FBA00CCBE8D /* OSLog.framework in Frameworks */ = {isa = PBXBuildFile; fileRef = ECD8D9122B567FBA00CCBE8D /* OSLog.framework */; };
		ECD8D9192B56829B00CCBE8D /* Localizable.strings in Resources */ = {isa = PBXBuildFile; fileRef = ECD8D91B2B56829B00CCBE8D /* Localizable.strings */; };
/* End PBXBuildFile section */

/* Begin PBXFileReference section */
		3DBB6D9B1FB7E0704E56EF57 /* Pods-DogRun.debug.xcconfig */ = {isa = PBXFileReference; includeInIndex = 1; lastKnownFileType = text.xcconfig; name = "Pods-DogRun.debug.xcconfig"; path = "Target Support Files/Pods-DogRun/Pods-DogRun.debug.xcconfig"; sourceTree = "<group>"; };
		4812423D31EF09C7A0B03200 /* Pods-DogRun.release.xcconfig */ = {isa = PBXFileReference; includeInIndex = 1; lastKnownFileType = text.xcconfig; name = "Pods-DogRun.release.xcconfig"; path = "Target Support Files/Pods-DogRun/Pods-DogRun.release.xcconfig"; sourceTree = "<group>"; };
		A7F90DD715B23013C8331FD5 /* Pods_DogRun.framework */ = {isa = PBXFileReference; explicitFileType = wrapper.framework; includeInIndex = 0; path = Pods_DogRun.framework; sourceTree = BUILT_PRODUCTS_DIR; };
		EC181E642B7BB03B00E5607B /* UserDefaultsKeys.swift */ = {isa = PBXFileReference; fileEncoding = 4; lastKnownFileType = sourcecode.swift; path = UserDefaultsKeys.swift; sourceTree = "<group>"; };
		EC181E652B7BB03B00E5607B /* LocalizationKeys.swift */ = {isa = PBXFileReference; fileEncoding = 4; lastKnownFileType = sourcecode.swift; path = LocalizationKeys.swift; sourceTree = "<group>"; };
		EC181E662B7BB03B00E5607B /* DateFormat.swift */ = {isa = PBXFileReference; fileEncoding = 4; lastKnownFileType = sourcecode.swift; path = DateFormat.swift; sourceTree = "<group>"; };
		EC181E672B7BB03B00E5607B /* LayoutConstants.swift */ = {isa = PBXFileReference; fileEncoding = 4; lastKnownFileType = sourcecode.swift; path = LayoutConstants.swift; sourceTree = "<group>"; };
		EC181E682B7BB03B00E5607B /* ResponseStatus.swift */ = {isa = PBXFileReference; fileEncoding = 4; lastKnownFileType = sourcecode.swift; path = ResponseStatus.swift; sourceTree = "<group>"; };
		EC181E6A2B7BB03B00E5607B /* UserInfoViewModel.swift */ = {isa = PBXFileReference; fileEncoding = 4; lastKnownFileType = sourcecode.swift; path = UserInfoViewModel.swift; sourceTree = "<group>"; };
		EC181E6C2B7BB03B00E5607B /* String+Extension.swift */ = {isa = PBXFileReference; fileEncoding = 4; lastKnownFileType = sourcecode.swift; path = "String+Extension.swift"; sourceTree = "<group>"; };
		EC181E6D2B7BB03B00E5607B /* OSLog.swift */ = {isa = PBXFileReference; fileEncoding = 4; lastKnownFileType = sourcecode.swift; path = OSLog.swift; sourceTree = "<group>"; };
		EC181E6E2B7BB03B00E5607B /* UIExtensions.swift */ = {isa = PBXFileReference; fileEncoding = 4; lastKnownFileType = sourcecode.swift; path = UIExtensions.swift; sourceTree = "<group>"; };
		EC181E702B7BB03C00E5607B /* UserInfo.swift */ = {isa = PBXFileReference; fileEncoding = 4; lastKnownFileType = sourcecode.swift; path = UserInfo.swift; sourceTree = "<group>"; };
		EC1DEE1A2B4772AF00E8F4E2 /* GoogleService-Info.plist */ = {isa = PBXFileReference; fileEncoding = 4; lastKnownFileType = text.plist.xml; path = "GoogleService-Info.plist"; sourceTree = "<group>"; };
		EC3CFAE42B45E23A00D0F1A2 /* DogRun.entitlements */ = {isa = PBXFileReference; lastKnownFileType = text.plist.entitlements; path = DogRun.entitlements; sourceTree = "<group>"; };
		ECC50A4E2B44CF7400028428 /* DogRun.app */ = {isa = PBXFileReference; explicitFileType = wrapper.application; includeInIndex = 0; path = DogRun.app; sourceTree = BUILT_PRODUCTS_DIR; };
		ECC50A512B44CF7400028428 /* AppDelegate.swift */ = {isa = PBXFileReference; lastKnownFileType = sourcecode.swift; path = AppDelegate.swift; sourceTree = "<group>"; };
		ECC50A532B44CF7400028428 /* SceneDelegate.swift */ = {isa = PBXFileReference; lastKnownFileType = sourcecode.swift; path = SceneDelegate.swift; sourceTree = "<group>"; };
		ECC50A552B44CF7400028428 /* ViewController.swift */ = {isa = PBXFileReference; lastKnownFileType = sourcecode.swift; path = ViewController.swift; sourceTree = "<group>"; };
		ECC50A582B44CF7400028428 /* Base */ = {isa = PBXFileReference; lastKnownFileType = file.storyboard; name = Base; path = Base.lproj/Main.storyboard; sourceTree = "<group>"; };
		ECC50A5A2B44CF7800028428 /* Assets.xcassets */ = {isa = PBXFileReference; lastKnownFileType = folder.assetcatalog; path = Assets.xcassets; sourceTree = "<group>"; };
		ECC50A5D2B44CF7800028428 /* Base */ = {isa = PBXFileReference; lastKnownFileType = file.storyboard; name = Base; path = Base.lproj/LaunchScreen.storyboard; sourceTree = "<group>"; };
		ECC50A5F2B44CF7800028428 /* Info.plist */ = {isa = PBXFileReference; lastKnownFileType = text.plist.xml; path = Info.plist; sourceTree = "<group>"; };
		ECD8D9052B567E6B00CCBE8D /* UserInfo */ = {isa = PBXFileReference; lastKnownFileType = folder; path = UserInfo; sourceTree = "<group>"; };
		ECD8D9122B567FBA00CCBE8D /* OSLog.framework */ = {isa = PBXFileReference; lastKnownFileType = wrapper.framework; name = OSLog.framework; path = System/Library/Frameworks/OSLog.framework; sourceTree = SDKROOT; };
		ECD8D91A2B56829B00CCBE8D /* en */ = {isa = PBXFileReference; lastKnownFileType = text.plist.strings; name = en; path = en.lproj/Localizable.strings; sourceTree = "<group>"; };
		ECD8D91C2B5682BA00CCBE8D /* ko */ = {isa = PBXFileReference; lastKnownFileType = text.plist.strings; name = ko; path = ko.lproj/Localizable.strings; sourceTree = "<group>"; };
/* End PBXFileReference section */

/* Begin PBXFrameworksBuildPhase section */
		ECC50A4B2B44CF7400028428 /* Frameworks */ = {
			isa = PBXFrameworksBuildPhase;
			buildActionMask = 2147483647;
			files = (
				ECD8D9132B567FBA00CCBE8D /* OSLog.framework in Frameworks */,
				A0C3F68C82C50F41FF61EA2E /* Pods_DogRun.framework in Frameworks */,
			);
			runOnlyForDeploymentPostprocessing = 0;
		};
/* End PBXFrameworksBuildPhase section */

/* Begin PBXGroup section */
		0DB291EF2D25C53496A613E5 /* Pods */ = {
			isa = PBXGroup;
			children = (
				3DBB6D9B1FB7E0704E56EF57 /* Pods-DogRun.debug.xcconfig */,
				4812423D31EF09C7A0B03200 /* Pods-DogRun.release.xcconfig */,
			);
			path = Pods;
			sourceTree = "<group>";
		};
		6D9070D74ABE17DEF8069188 /* Frameworks */ = {
			isa = PBXGroup;
			children = (
				ECD8D9122B567FBA00CCBE8D /* OSLog.framework */,
				A7F90DD715B23013C8331FD5 /* Pods_DogRun.framework */,
			);
			name = Frameworks;
			sourceTree = "<group>";
		};
		EC181E622B7BB03B00E5607B /* Network */ = {
			isa = PBXGroup;
			children = (
			);
			path = Network;
			sourceTree = "<group>";
		};
		EC181E632B7BB03B00E5607B /* Constants */ = {
			isa = PBXGroup;
			children = (
				EC181E642B7BB03B00E5607B /* UserDefaultsKeys.swift */,
				EC181E652B7BB03B00E5607B /* LocalizationKeys.swift */,
				EC181E662B7BB03B00E5607B /* DateFormat.swift */,
				EC181E672B7BB03B00E5607B /* LayoutConstants.swift */,
				EC181E682B7BB03B00E5607B /* ResponseStatus.swift */,
			);
			path = Constants;
			sourceTree = "<group>";
		};
		EC181E692B7BB03B00E5607B /* ViewModel */ = {
			isa = PBXGroup;
			children = (
				EC181E6A2B7BB03B00E5607B /* UserInfoViewModel.swift */,
			);
			path = ViewModel;
			sourceTree = "<group>";
		};
		EC181E6B2B7BB03B00E5607B /* Extension */ = {
			isa = PBXGroup;
			children = (
				EC181E6C2B7BB03B00E5607B /* String+Extension.swift */,
				EC181E6D2B7BB03B00E5607B /* OSLog.swift */,
				EC181E6E2B7BB03B00E5607B /* UIExtensions.swift */,
			);
			path = Extension;
			sourceTree = "<group>";
		};
		EC181E6F2B7BB03C00E5607B /* Model */ = {
			isa = PBXGroup;
			children = (
				EC181E702B7BB03C00E5607B /* UserInfo.swift */,
			);
			path = Model;
			sourceTree = "<group>";
		};
		ECC50A452B44CF7400028428 = {
			isa = PBXGroup;
			children = (
				ECC50A502B44CF7400028428 /* DogRun */,
				ECC50A4F2B44CF7400028428 /* Products */,
				0DB291EF2D25C53496A613E5 /* Pods */,
				6D9070D74ABE17DEF8069188 /* Frameworks */,
			);
			sourceTree = "<group>";
		};
		ECC50A4F2B44CF7400028428 /* Products */ = {
			isa = PBXGroup;
			children = (
				ECC50A4E2B44CF7400028428 /* DogRun.app */,
			);
			name = Products;
			sourceTree = "<group>";
		};
		ECC50A502B44CF7400028428 /* DogRun */ = {
			isa = PBXGroup;
			children = (
				EC181E632B7BB03B00E5607B /* Constants */,
				EC181E6B2B7BB03B00E5607B /* Extension */,
				EC181E6F2B7BB03C00E5607B /* Model */,
				EC181E622B7BB03B00E5607B /* Network */,
				EC181E692B7BB03B00E5607B /* ViewModel */,
				ECD8D9052B567E6B00CCBE8D /* UserInfo */,
				EC3CFAE42B45E23A00D0F1A2 /* DogRun.entitlements */,
				ECC50A512B44CF7400028428 /* AppDelegate.swift */,
				ECC50A532B44CF7400028428 /* SceneDelegate.swift */,
				ECC50A552B44CF7400028428 /* ViewController.swift */,
				ECC50A572B44CF7400028428 /* Main.storyboard */,
				ECC50A5A2B44CF7800028428 /* Assets.xcassets */,
				ECC50A5C2B44CF7800028428 /* LaunchScreen.storyboard */,
				ECC50A5F2B44CF7800028428 /* Info.plist */,
				EC1DEE1A2B4772AF00E8F4E2 /* GoogleService-Info.plist */,
				ECD8D91B2B56829B00CCBE8D /* Localizable.strings */,
			);
			path = DogRun;
			sourceTree = "<group>";
		};
/* End PBXGroup section */

/* Begin PBXNativeTarget section */
		ECC50A4D2B44CF7400028428 /* DogRun */ = {
			isa = PBXNativeTarget;
			buildConfigurationList = ECC50A622B44CF7800028428 /* Build configuration list for PBXNativeTarget "DogRun" */;
			buildPhases = (
				54D48DA95E413499C279A10F /* [CP] Check Pods Manifest.lock */,
				ECC50A4A2B44CF7400028428 /* Sources */,
				ECC50A4B2B44CF7400028428 /* Frameworks */,
				ECC50A4C2B44CF7400028428 /* Resources */,
				F6714E1CE6432AAC8764BB53 /* [CP] Embed Pods Frameworks */,
			);
			buildRules = (
			);
			dependencies = (
			);
			name = DogRun;
			productName = DogRun;
			productReference = ECC50A4E2B44CF7400028428 /* DogRun.app */;
			productType = "com.apple.product-type.application";
		};
/* End PBXNativeTarget section */

/* Begin PBXProject section */
		ECC50A462B44CF7400028428 /* Project object */ = {
			isa = PBXProject;
			attributes = {
				BuildIndependentTargetsInParallel = 1;
				LastSwiftUpdateCheck = 1500;
				LastUpgradeCheck = 1500;
				TargetAttributes = {
					ECC50A4D2B44CF7400028428 = {
						CreatedOnToolsVersion = 15.0.1;
					};
				};
			};
			buildConfigurationList = ECC50A492B44CF7400028428 /* Build configuration list for PBXProject "DogRun" */;
			compatibilityVersion = "Xcode 14.0";
			developmentRegion = en;
			hasScannedForEncodings = 0;
			knownRegions = (
				en,
				Base,
				ko,
			);
			mainGroup = ECC50A452B44CF7400028428;
			productRefGroup = ECC50A4F2B44CF7400028428 /* Products */;
			projectDirPath = "";
			projectRoot = "";
			targets = (
				ECC50A4D2B44CF7400028428 /* DogRun */,
			);
		};
/* End PBXProject section */

/* Begin PBXResourcesBuildPhase section */
		ECC50A4C2B44CF7400028428 /* Resources */ = {
			isa = PBXResourcesBuildPhase;
			buildActionMask = 2147483647;
			files = (
				ECC50A5E2B44CF7800028428 /* LaunchScreen.storyboard in Resources */,
				ECD8D9192B56829B00CCBE8D /* Localizable.strings in Resources */,
				EC1DEE1B2B4772B000E8F4E2 /* GoogleService-Info.plist in Resources */,
				ECD8D9062B567E6B00CCBE8D /* UserInfo in Resources */,
				ECC50A5B2B44CF7800028428 /* Assets.xcassets in Resources */,
				ECC50A592B44CF7400028428 /* Main.storyboard in Resources */,
			);
			runOnlyForDeploymentPostprocessing = 0;
		};
/* End PBXResourcesBuildPhase section */

/* Begin PBXShellScriptBuildPhase section */
		54D48DA95E413499C279A10F /* [CP] Check Pods Manifest.lock */ = {
			isa = PBXShellScriptBuildPhase;
			buildActionMask = 2147483647;
			files = (
			);
			inputFileListPaths = (
			);
			inputPaths = (
				"${PODS_PODFILE_DIR_PATH}/Podfile.lock",
				"${PODS_ROOT}/Manifest.lock",
			);
			name = "[CP] Check Pods Manifest.lock";
			outputFileListPaths = (
			);
			outputPaths = (
				"$(DERIVED_FILE_DIR)/Pods-DogRun-checkManifestLockResult.txt",
			);
			runOnlyForDeploymentPostprocessing = 0;
			shellPath = /bin/sh;
			shellScript = "diff \"${PODS_PODFILE_DIR_PATH}/Podfile.lock\" \"${PODS_ROOT}/Manifest.lock\" > /dev/null\nif [ $? != 0 ] ; then\n    # print error to STDERR\n    echo \"error: The sandbox is not in sync with the Podfile.lock. Run 'pod install' or update your CocoaPods installation.\" >&2\n    exit 1\nfi\n# This output is used by Xcode 'outputs' to avoid re-running this script phase.\necho \"SUCCESS\" > \"${SCRIPT_OUTPUT_FILE_0}\"\n";
			showEnvVarsInLog = 0;
		};
		F6714E1CE6432AAC8764BB53 /* [CP] Embed Pods Frameworks */ = {
			isa = PBXShellScriptBuildPhase;
			buildActionMask = 2147483647;
			files = (
			);
			inputFileListPaths = (
				"${PODS_ROOT}/Target Support Files/Pods-DogRun/Pods-DogRun-frameworks-${CONFIGURATION}-input-files.xcfilelist",
			);
			name = "[CP] Embed Pods Frameworks";
			outputFileListPaths = (
				"${PODS_ROOT}/Target Support Files/Pods-DogRun/Pods-DogRun-frameworks-${CONFIGURATION}-output-files.xcfilelist",
			);
			runOnlyForDeploymentPostprocessing = 0;
			shellPath = /bin/sh;
			shellScript = "\"${PODS_ROOT}/Target Support Files/Pods-DogRun/Pods-DogRun-frameworks.sh\"\n";
			showEnvVarsInLog = 0;
		};
/* End PBXShellScriptBuildPhase section */

/* Begin PBXSourcesBuildPhase section */
		ECC50A4A2B44CF7400028428 /* Sources */ = {
			isa = PBXSourcesBuildPhase;
			buildActionMask = 2147483647;
			files = (
				EC181E712B7BB03C00E5607B /* UserDefaultsKeys.swift in Sources */,
				EC181E742B7BB03C00E5607B /* LayoutConstants.swift in Sources */,
				EC181E762B7BB03C00E5607B /* UserInfoViewModel.swift in Sources */,
				EC181E792B7BB03C00E5607B /* UIExtensions.swift in Sources */,
				EC181E752B7BB03C00E5607B /* ResponseStatus.swift in Sources */,
				EC181E782B7BB03C00E5607B /* OSLog.swift in Sources */,
				ECC50A562B44CF7400028428 /* ViewController.swift in Sources */,
				EC181E732B7BB03C00E5607B /* DateFormat.swift in Sources */,
				EC181E7A2B7BB03C00E5607B /* UserInfo.swift in Sources */,
				EC181E722B7BB03C00E5607B /* LocalizationKeys.swift in Sources */,
				ECC50A522B44CF7400028428 /* AppDelegate.swift in Sources */,
				EC181E772B7BB03C00E5607B /* String+Extension.swift in Sources */,
				ECC50A542B44CF7400028428 /* SceneDelegate.swift in Sources */,
			);
			runOnlyForDeploymentPostprocessing = 0;
		};
/* End PBXSourcesBuildPhase section */

/* Begin PBXVariantGroup section */
		ECC50A572B44CF7400028428 /* Main.storyboard */ = {
			isa = PBXVariantGroup;
			children = (
				ECC50A582B44CF7400028428 /* Base */,
			);
			name = Main.storyboard;
			sourceTree = "<group>";
		};
		ECC50A5C2B44CF7800028428 /* LaunchScreen.storyboard */ = {
			isa = PBXVariantGroup;
			children = (
				ECC50A5D2B44CF7800028428 /* Base */,
			);
			name = LaunchScreen.storyboard;
			sourceTree = "<group>";
		};
		ECD8D91B2B56829B00CCBE8D /* Localizable.strings */ = {
			isa = PBXVariantGroup;
			children = (
				ECD8D91A2B56829B00CCBE8D /* en */,
				ECD8D91C2B5682BA00CCBE8D /* ko */,
			);
			name = Localizable.strings;
			sourceTree = "<group>";
		};
/* End PBXVariantGroup section */

/* Begin XCBuildConfiguration section */
		ECC50A602B44CF7800028428 /* Debug */ = {
			isa = XCBuildConfiguration;
			buildSettings = {
				ALWAYS_SEARCH_USER_PATHS = NO;
				ASSETCATALOG_COMPILER_GENERATE_SWIFT_ASSET_SYMBOL_EXTENSIONS = YES;
				CLANG_ANALYZER_LOCALIZABILITY_NONLOCALIZED = YES;
				CLANG_ANALYZER_NONNULL = YES;
				CLANG_ANALYZER_NUMBER_OBJECT_CONVERSION = YES_AGGRESSIVE;
				CLANG_CXX_LANGUAGE_STANDARD = "gnu++20";
				CLANG_ENABLE_MODULES = YES;
				CLANG_ENABLE_OBJC_ARC = YES;
				CLANG_ENABLE_OBJC_WEAK = YES;
				CLANG_WARN_BLOCK_CAPTURE_AUTORELEASING = YES;
				CLANG_WARN_BOOL_CONVERSION = YES;
				CLANG_WARN_COMMA = YES;
				CLANG_WARN_CONSTANT_CONVERSION = YES;
				CLANG_WARN_DEPRECATED_OBJC_IMPLEMENTATIONS = YES;
				CLANG_WARN_DIRECT_OBJC_ISA_USAGE = YES_ERROR;
				CLANG_WARN_DOCUMENTATION_COMMENTS = YES;
				CLANG_WARN_EMPTY_BODY = YES;
				CLANG_WARN_ENUM_CONVERSION = YES;
				CLANG_WARN_INFINITE_RECURSION = YES;
				CLANG_WARN_INT_CONVERSION = YES;
				CLANG_WARN_NON_LITERAL_NULL_CONVERSION = YES;
				CLANG_WARN_OBJC_IMPLICIT_RETAIN_SELF = YES;
				CLANG_WARN_OBJC_LITERAL_CONVERSION = YES;
				CLANG_WARN_OBJC_ROOT_CLASS = YES_ERROR;
				CLANG_WARN_QUOTED_INCLUDE_IN_FRAMEWORK_HEADER = YES;
				CLANG_WARN_RANGE_LOOP_ANALYSIS = YES;
				CLANG_WARN_STRICT_PROTOTYPES = YES;
				CLANG_WARN_SUSPICIOUS_MOVE = YES;
				CLANG_WARN_UNGUARDED_AVAILABILITY = YES_AGGRESSIVE;
				CLANG_WARN_UNREACHABLE_CODE = YES;
				CLANG_WARN__DUPLICATE_METHOD_MATCH = YES;
				COPY_PHASE_STRIP = NO;
				DEBUG_INFORMATION_FORMAT = dwarf;
				ENABLE_STRICT_OBJC_MSGSEND = YES;
				ENABLE_TESTABILITY = YES;
				ENABLE_USER_SCRIPT_SANDBOXING = NO;
				GCC_C_LANGUAGE_STANDARD = gnu17;
				GCC_DYNAMIC_NO_PIC = NO;
				GCC_NO_COMMON_BLOCKS = YES;
				GCC_OPTIMIZATION_LEVEL = 0;
				GCC_PREPROCESSOR_DEFINITIONS = (
					"DEBUG=1",
					"$(inherited)",
				);
				GCC_WARN_64_TO_32_BIT_CONVERSION = YES;
				GCC_WARN_ABOUT_RETURN_TYPE = YES_ERROR;
				GCC_WARN_UNDECLARED_SELECTOR = YES;
				GCC_WARN_UNINITIALIZED_AUTOS = YES_AGGRESSIVE;
				GCC_WARN_UNUSED_FUNCTION = YES;
				GCC_WARN_UNUSED_VARIABLE = YES;
				IPHONEOS_DEPLOYMENT_TARGET = 13.0;
				LOCALIZATION_PREFERS_STRING_CATALOGS = YES;
				MTL_ENABLE_DEBUG_INFO = INCLUDE_SOURCE;
				MTL_FAST_MATH = YES;
				ONLY_ACTIVE_ARCH = YES;
				SDKROOT = iphoneos;
				SWIFT_ACTIVE_COMPILATION_CONDITIONS = "DEBUG $(inherited)";
				SWIFT_OPTIMIZATION_LEVEL = "-Onone";
			};
			name = Debug;
		};
		ECC50A612B44CF7800028428 /* Release */ = {
			isa = XCBuildConfiguration;
			buildSettings = {
				ALWAYS_SEARCH_USER_PATHS = NO;
				ASSETCATALOG_COMPILER_GENERATE_SWIFT_ASSET_SYMBOL_EXTENSIONS = YES;
				CLANG_ANALYZER_LOCALIZABILITY_NONLOCALIZED = YES;
				CLANG_ANALYZER_NONNULL = YES;
				CLANG_ANALYZER_NUMBER_OBJECT_CONVERSION = YES_AGGRESSIVE;
				CLANG_CXX_LANGUAGE_STANDARD = "gnu++20";
				CLANG_ENABLE_MODULES = YES;
				CLANG_ENABLE_OBJC_ARC = YES;
				CLANG_ENABLE_OBJC_WEAK = YES;
				CLANG_WARN_BLOCK_CAPTURE_AUTORELEASING = YES;
				CLANG_WARN_BOOL_CONVERSION = YES;
				CLANG_WARN_COMMA = YES;
				CLANG_WARN_CONSTANT_CONVERSION = YES;
				CLANG_WARN_DEPRECATED_OBJC_IMPLEMENTATIONS = YES;
				CLANG_WARN_DIRECT_OBJC_ISA_USAGE = YES_ERROR;
				CLANG_WARN_DOCUMENTATION_COMMENTS = YES;
				CLANG_WARN_EMPTY_BODY = YES;
				CLANG_WARN_ENUM_CONVERSION = YES;
				CLANG_WARN_INFINITE_RECURSION = YES;
				CLANG_WARN_INT_CONVERSION = YES;
				CLANG_WARN_NON_LITERAL_NULL_CONVERSION = YES;
				CLANG_WARN_OBJC_IMPLICIT_RETAIN_SELF = YES;
				CLANG_WARN_OBJC_LITERAL_CONVERSION = YES;
				CLANG_WARN_OBJC_ROOT_CLASS = YES_ERROR;
				CLANG_WARN_QUOTED_INCLUDE_IN_FRAMEWORK_HEADER = YES;
				CLANG_WARN_RANGE_LOOP_ANALYSIS = YES;
				CLANG_WARN_STRICT_PROTOTYPES = YES;
				CLANG_WARN_SUSPICIOUS_MOVE = YES;
				CLANG_WARN_UNGUARDED_AVAILABILITY = YES_AGGRESSIVE;
				CLANG_WARN_UNREACHABLE_CODE = YES;
				CLANG_WARN__DUPLICATE_METHOD_MATCH = YES;
				COPY_PHASE_STRIP = NO;
				DEBUG_INFORMATION_FORMAT = "dwarf-with-dsym";
				ENABLE_NS_ASSERTIONS = NO;
				ENABLE_STRICT_OBJC_MSGSEND = YES;
				ENABLE_USER_SCRIPT_SANDBOXING = NO;
				GCC_C_LANGUAGE_STANDARD = gnu17;
				GCC_NO_COMMON_BLOCKS = YES;
				GCC_WARN_64_TO_32_BIT_CONVERSION = YES;
				GCC_WARN_ABOUT_RETURN_TYPE = YES_ERROR;
				GCC_WARN_UNDECLARED_SELECTOR = YES;
				GCC_WARN_UNINITIALIZED_AUTOS = YES_AGGRESSIVE;
				GCC_WARN_UNUSED_FUNCTION = YES;
				GCC_WARN_UNUSED_VARIABLE = YES;
				IPHONEOS_DEPLOYMENT_TARGET = 13.0;
				LOCALIZATION_PREFERS_STRING_CATALOGS = YES;
				MTL_ENABLE_DEBUG_INFO = NO;
				MTL_FAST_MATH = YES;
				SDKROOT = iphoneos;
				SWIFT_COMPILATION_MODE = wholemodule;
				VALIDATE_PRODUCT = YES;
			};
			name = Release;
		};
		ECC50A632B44CF7800028428 /* Debug */ = {
			isa = XCBuildConfiguration;
			baseConfigurationReference = 3DBB6D9B1FB7E0704E56EF57 /* Pods-DogRun.debug.xcconfig */;
			buildSettings = {
				ASSETCATALOG_COMPILER_APPICON_NAME = AppIcon;
				ASSETCATALOG_COMPILER_GLOBAL_ACCENT_COLOR_NAME = AccentColor;
				CODE_SIGN_ENTITLEMENTS = DogRun/DogRun.entitlements;
				CODE_SIGN_IDENTITY = "Apple Development";
				CODE_SIGN_STYLE = Automatic;
				CURRENT_PROJECT_VERSION = 1;
				DEVELOPMENT_TEAM = 6TZ92V5LSX;
				GENERATE_INFOPLIST_FILE = YES;
				INFOPLIST_FILE = DogRun/Info.plist;
				INFOPLIST_KEY_UIApplicationSupportsIndirectInputEvents = YES;
				INFOPLIST_KEY_UILaunchStoryboardName = LaunchScreen;
				INFOPLIST_KEY_UIMainStoryboardFile = Main;
				INFOPLIST_KEY_UISupportedInterfaceOrientations_iPad = "UIInterfaceOrientationPortrait UIInterfaceOrientationPortraitUpsideDown UIInterfaceOrientationLandscapeLeft UIInterfaceOrientationLandscapeRight";
				INFOPLIST_KEY_UISupportedInterfaceOrientations_iPhone = "UIInterfaceOrientationPortrait UIInterfaceOrientationLandscapeLeft UIInterfaceOrientationLandscapeRight";
				LD_RUNPATH_SEARCH_PATHS = (
					"$(inherited)",
					"@executable_path/Frameworks",
				);
				MARKETING_VERSION = 1.0;
				PRODUCT_BUNDLE_IDENTIFIER = com.gglee;
				PRODUCT_NAME = "$(TARGET_NAME)";
				PROVISIONING_PROFILE_SPECIFIER = "";
				SWIFT_EMIT_LOC_STRINGS = YES;
				SWIFT_VERSION = 5.0;
				TARGETED_DEVICE_FAMILY = "1,2";
			};
			name = Debug;
		};
		ECC50A642B44CF7800028428 /* Release */ = {
			isa = XCBuildConfiguration;
			baseConfigurationReference = 4812423D31EF09C7A0B03200 /* Pods-DogRun.release.xcconfig */;
			buildSettings = {
				ASSETCATALOG_COMPILER_APPICON_NAME = AppIcon;
				ASSETCATALOG_COMPILER_GLOBAL_ACCENT_COLOR_NAME = AccentColor;
				CODE_SIGN_ENTITLEMENTS = DogRun/DogRun.entitlements;
				CODE_SIGN_IDENTITY = "Apple Development";
				CODE_SIGN_STYLE = Automatic;
				CURRENT_PROJECT_VERSION = 1;
				DEVELOPMENT_TEAM = 6TZ92V5LSX;
				GENERATE_INFOPLIST_FILE = YES;
				INFOPLIST_FILE = DogRun/Info.plist;
				INFOPLIST_KEY_UIApplicationSupportsIndirectInputEvents = YES;
				INFOPLIST_KEY_UILaunchStoryboardName = LaunchScreen;
				INFOPLIST_KEY_UIMainStoryboardFile = Main;
				INFOPLIST_KEY_UISupportedInterfaceOrientations_iPad = "UIInterfaceOrientationPortrait UIInterfaceOrientationPortraitUpsideDown UIInterfaceOrientationLandscapeLeft UIInterfaceOrientationLandscapeRight";
				INFOPLIST_KEY_UISupportedInterfaceOrientations_iPhone = "UIInterfaceOrientationPortrait UIInterfaceOrientationLandscapeLeft UIInterfaceOrientationLandscapeRight";
				LD_RUNPATH_SEARCH_PATHS = (
					"$(inherited)",
					"@executable_path/Frameworks",
				);
				MARKETING_VERSION = 1.0;
				PRODUCT_BUNDLE_IDENTIFIER = com.gglee;
				PRODUCT_NAME = "$(TARGET_NAME)";
				PROVISIONING_PROFILE_SPECIFIER = "";
				SWIFT_EMIT_LOC_STRINGS = YES;
				SWIFT_VERSION = 5.0;
				TARGETED_DEVICE_FAMILY = "1,2";
			};
			name = Release;
		};
/* End XCBuildConfiguration section */

/* Begin XCConfigurationList section */
		ECC50A492B44CF7400028428 /* Build configuration list for PBXProject "DogRun" */ = {
			isa = XCConfigurationList;
			buildConfigurations = (
				ECC50A602B44CF7800028428 /* Debug */,
				ECC50A612B44CF7800028428 /* Release */,
			);
			defaultConfigurationIsVisible = 0;
			defaultConfigurationName = Release;
		};
		ECC50A622B44CF7800028428 /* Build configuration list for PBXNativeTarget "DogRun" */ = {
			isa = XCConfigurationList;
			buildConfigurations = (
				ECC50A632B44CF7800028428 /* Debug */,
				ECC50A642B44CF7800028428 /* Release */,
			);
			defaultConfigurationIsVisible = 0;
			defaultConfigurationName = Release;
		};
/* End XCConfigurationList section */
	};
	rootObject = ECC50A462B44CF7400028428 /* Project object */;
}
